// !$*UTF8*$!
{
	archiveVersion = 1;
	classes = {
	};
	objectVersion = 55;
	objects = {

/* Begin PBXBuildFile section */
		464F855128E6ED9600A091AC /* DS08_linkStack.c in Sources */ = {isa = PBXBuildFile; fileRef = 464F855028E6ED9600A091AC /* DS08_linkStack.c */; };
		4664D343290D30E5001F416E /* DS17_linkBinaryTree.c in Sources */ = {isa = PBXBuildFile; fileRef = 4664D342290D30E5001F416E /* DS17_linkBinaryTree.c */; };
		466533C3291415900008D0EF /* DS20_BalancedBinaryTree.c in Sources */ = {isa = PBXBuildFile; fileRef = 466533C2291415900008D0EF /* DS20_BalancedBinaryTree.c */; };
		46787B1F291A3E5800091DE8 /* DS21_HuffmanTree.c in Sources */ = {isa = PBXBuildFile; fileRef = 46787B1E291A3E5800091DE8 /* DS21_HuffmanTree.c */; };
		46787B2B291CD89000091DE8 /* DS22_graph.c in Sources */ = {isa = PBXBuildFile; fileRef = 46787B2A291CD89000091DE8 /* DS22_graph.c */; };
		4688AF47290FBF9700F68F9C /* DS18_threadLinkBinaryTree.c in Sources */ = {isa = PBXBuildFile; fileRef = 4688AF46290FBF9700F68F9C /* DS18_threadLinkBinaryTree.c */; };
		46946D9628CF7F41001B2B56 /* DS01_seqList.c in Sources */ = {isa = PBXBuildFile; fileRef = 46946D9428CF7F41001B2B56 /* DS01_seqList.c */; };
		4695280328D99AB9003B885C /* DS02_linkList.c in Sources */ = {isa = PBXBuildFile; fileRef = 46DB2F6B28D5B4D400052506 /* DS02_linkList.c */; };
		4695280B28E1B0DC003B885C /* DS03_doubleLinkList.c in Sources */ = {isa = PBXBuildFile; fileRef = 4695280A28E1B0DC003B885C /* DS03_doubleLinkList.c */; };
		4695281628E2D619003B885C /* DS04_cycleList.c in Sources */ = {isa = PBXBuildFile; fileRef = 4695281528E2D619003B885C /* DS04_cycleList.c */; };
		4695282128E31699003B885C /* DS05_cycleDoubleList.c in Sources */ = {isa = PBXBuildFile; fileRef = 4695282028E31699003B885C /* DS05_cycleDoubleList.c */; };
		469D510428FE834F001FCB7C /* DS13_StringsPatternMatching.c in Sources */ = {isa = PBXBuildFile; fileRef = 469D510328FE834F001FCB7C /* DS13_StringsPatternMatching.c */; };
		469D510F28FFBF23001FCB7C /* DS14_ThreeTupleMatrix.c in Sources */ = {isa = PBXBuildFile; fileRef = 469D510E28FFBF23001FCB7C /* DS14_ThreeTupleMatrix.c */; };
		469D511A28FFEB58001FCB7C /* DS15_CrossListMatrix.c in Sources */ = {isa = PBXBuildFile; fileRef = 469D511928FFEB58001FCB7C /* DS15_CrossListMatrix.c */; };
		469D512529022D31001FCB7C /* SortingAlgorithm.c in Sources */ = {isa = PBXBuildFile; fileRef = 469D512429022D31001FCB7C /* SortingAlgorithm.c */; };
		469D51312903CE8A001FCB7C /* DS16_seqBinaryTree.c in Sources */ = {isa = PBXBuildFile; fileRef = 469D51302903CE8A001FCB7C /* DS16_seqBinaryTree.c */; };
		46A2C6D728F04B2A009E8E59 /* DS09_circleQueue.c in Sources */ = {isa = PBXBuildFile; fileRef = 46A2C6D628F04B2A009E8E59 /* DS09_circleQueue.c */; };
		46D338042914B10000CD417E /* DS19_BinarySearchTree.c in Sources */ = {isa = PBXBuildFile; fileRef = 46D338032914B10000CD417E /* DS19_BinarySearchTree.c */; };
		46F2A44728E41DB900763803 /* DS06_staticList.c in Sources */ = {isa = PBXBuildFile; fileRef = 46F2A44628E41DB900763803 /* DS06_staticList.c */; };
		46F2A45228E42B2700763803 /* DS07_seqStack.c in Sources */ = {isa = PBXBuildFile; fileRef = 46F2A45128E42B2700763803 /* DS07_seqStack.c */; };
		46F8D53E28F6A04800ACC81E /* DS11_seqString.c in Sources */ = {isa = PBXBuildFile; fileRef = 46F8D53D28F6A04800ACC81E /* DS11_seqString.c */; };
		46F8D54928F9802F00ACC81E /* DS12_linkString.c in Sources */ = {isa = PBXBuildFile; fileRef = 46F8D54828F9802F00ACC81E /* DS12_linkString.c */; };
		46FD4F1228F1867A00AEE665 /* DS10_LinkQueue.c in Sources */ = {isa = PBXBuildFile; fileRef = 46FD4F1128F1867A00AEE665 /* DS10_LinkQueue.c */; };
/* End PBXBuildFile section */

/* Begin PBXCopyFilesBuildPhase section */
		464F854C28E6ED9600A091AC /* CopyFiles */ = {
			isa = PBXCopyFilesBuildPhase;
			buildActionMask = 2147483647;
			dstPath = /usr/share/man/man1/;
			dstSubfolderSpec = 0;
			files = (
			);
			runOnlyForDeploymentPostprocessing = 1;
		};
		4664D33E290D30E5001F416E /* CopyFiles */ = {
			isa = PBXCopyFilesBuildPhase;
			buildActionMask = 2147483647;
			dstPath = /usr/share/man/man1/;
			dstSubfolderSpec = 0;
			files = (
			);
			runOnlyForDeploymentPostprocessing = 1;
		};
		466533BE291415900008D0EF /* CopyFiles */ = {
			isa = PBXCopyFilesBuildPhase;
			buildActionMask = 2147483647;
			dstPath = /usr/share/man/man1/;
			dstSubfolderSpec = 0;
			files = (
			);
			runOnlyForDeploymentPostprocessing = 1;
		};
		46787B1A291A3E5800091DE8 /* CopyFiles */ = {
			isa = PBXCopyFilesBuildPhase;
			buildActionMask = 2147483647;
			dstPath = /usr/share/man/man1/;
			dstSubfolderSpec = 0;
			files = (
			);
			runOnlyForDeploymentPostprocessing = 1;
		};
		46787B26291CD89000091DE8 /* CopyFiles */ = {
			isa = PBXCopyFilesBuildPhase;
			buildActionMask = 2147483647;
			dstPath = /usr/share/man/man1/;
			dstSubfolderSpec = 0;
			files = (
			);
			runOnlyForDeploymentPostprocessing = 1;
		};
		4688AF42290FBF9600F68F9C /* CopyFiles */ = {
			isa = PBXCopyFilesBuildPhase;
			buildActionMask = 2147483647;
			dstPath = /usr/share/man/man1/;
			dstSubfolderSpec = 0;
			files = (
			);
			runOnlyForDeploymentPostprocessing = 1;
		};
		46946D8528CF7F0A001B2B56 /* CopyFiles */ = {
			isa = PBXCopyFilesBuildPhase;
			buildActionMask = 2147483647;
			dstPath = /usr/share/man/man1/;
			dstSubfolderSpec = 0;
			files = (
			);
			runOnlyForDeploymentPostprocessing = 1;
		};
		469527FA28D99AA8003B885C /* CopyFiles */ = {
			isa = PBXCopyFilesBuildPhase;
			buildActionMask = 2147483647;
			dstPath = /usr/share/man/man1/;
			dstSubfolderSpec = 0;
			files = (
			);
			runOnlyForDeploymentPostprocessing = 1;
		};
		4695280628E1B0DC003B885C /* CopyFiles */ = {
			isa = PBXCopyFilesBuildPhase;
			buildActionMask = 2147483647;
			dstPath = /usr/share/man/man1/;
			dstSubfolderSpec = 0;
			files = (
			);
			runOnlyForDeploymentPostprocessing = 1;
		};
		4695281128E2D619003B885C /* CopyFiles */ = {
			isa = PBXCopyFilesBuildPhase;
			buildActionMask = 2147483647;
			dstPath = /usr/share/man/man1/;
			dstSubfolderSpec = 0;
			files = (
			);
			runOnlyForDeploymentPostprocessing = 1;
		};
		4695281C28E31699003B885C /* CopyFiles */ = {
			isa = PBXCopyFilesBuildPhase;
			buildActionMask = 2147483647;
			dstPath = /usr/share/man/man1/;
			dstSubfolderSpec = 0;
			files = (
			);
			runOnlyForDeploymentPostprocessing = 1;
		};
		469D50FF28FE834F001FCB7C /* CopyFiles */ = {
			isa = PBXCopyFilesBuildPhase;
			buildActionMask = 2147483647;
			dstPath = /usr/share/man/man1/;
			dstSubfolderSpec = 0;
			files = (
			);
			runOnlyForDeploymentPostprocessing = 1;
		};
		469D510A28FFBF23001FCB7C /* CopyFiles */ = {
			isa = PBXCopyFilesBuildPhase;
			buildActionMask = 2147483647;
			dstPath = /usr/share/man/man1/;
			dstSubfolderSpec = 0;
			files = (
			);
			runOnlyForDeploymentPostprocessing = 1;
		};
		469D511528FFEB58001FCB7C /* CopyFiles */ = {
			isa = PBXCopyFilesBuildPhase;
			buildActionMask = 2147483647;
			dstPath = /usr/share/man/man1/;
			dstSubfolderSpec = 0;
			files = (
			);
			runOnlyForDeploymentPostprocessing = 1;
		};
		469D512029022D31001FCB7C /* CopyFiles */ = {
			isa = PBXCopyFilesBuildPhase;
			buildActionMask = 2147483647;
			dstPath = /usr/share/man/man1/;
			dstSubfolderSpec = 0;
			files = (
			);
			runOnlyForDeploymentPostprocessing = 1;
		};
		469D512C2903CE8A001FCB7C /* CopyFiles */ = {
			isa = PBXCopyFilesBuildPhase;
			buildActionMask = 2147483647;
			dstPath = /usr/share/man/man1/;
			dstSubfolderSpec = 0;
			files = (
			);
			runOnlyForDeploymentPostprocessing = 1;
		};
		46A2C6D228F04B2A009E8E59 /* CopyFiles */ = {
			isa = PBXCopyFilesBuildPhase;
			buildActionMask = 2147483647;
			dstPath = /usr/share/man/man1/;
			dstSubfolderSpec = 0;
			files = (
			);
			runOnlyForDeploymentPostprocessing = 1;
		};
		46D337FF2914B10000CD417E /* CopyFiles */ = {
			isa = PBXCopyFilesBuildPhase;
			buildActionMask = 2147483647;
			dstPath = /usr/share/man/man1/;
			dstSubfolderSpec = 0;
			files = (
			);
			runOnlyForDeploymentPostprocessing = 1;
		};
		46F2A44228E41DB900763803 /* CopyFiles */ = {
			isa = PBXCopyFilesBuildPhase;
			buildActionMask = 2147483647;
			dstPath = /usr/share/man/man1/;
			dstSubfolderSpec = 0;
			files = (
			);
			runOnlyForDeploymentPostprocessing = 1;
		};
		46F2A44D28E42B2600763803 /* CopyFiles */ = {
			isa = PBXCopyFilesBuildPhase;
			buildActionMask = 2147483647;
			dstPath = /usr/share/man/man1/;
			dstSubfolderSpec = 0;
			files = (
			);
			runOnlyForDeploymentPostprocessing = 1;
		};
		46F8D53928F6A04800ACC81E /* CopyFiles */ = {
			isa = PBXCopyFilesBuildPhase;
			buildActionMask = 2147483647;
			dstPath = /usr/share/man/man1/;
			dstSubfolderSpec = 0;
			files = (
			);
			runOnlyForDeploymentPostprocessing = 1;
		};
		46F8D54428F9802E00ACC81E /* CopyFiles */ = {
			isa = PBXCopyFilesBuildPhase;
			buildActionMask = 2147483647;
			dstPath = /usr/share/man/man1/;
			dstSubfolderSpec = 0;
			files = (
			);
			runOnlyForDeploymentPostprocessing = 1;
		};
		46FD4F0D28F1867A00AEE665 /* CopyFiles */ = {
			isa = PBXCopyFilesBuildPhase;
			buildActionMask = 2147483647;
			dstPath = /usr/share/man/man1/;
			dstSubfolderSpec = 0;
			files = (
			);
			runOnlyForDeploymentPostprocessing = 1;
		};
/* End PBXCopyFilesBuildPhase section */

/* Begin PBXFileReference section */
		464F854E28E6ED9600A091AC /* DS08_linkStack */ = {isa = PBXFileReference; explicitFileType = "compiled.mach-o.executable"; includeInIndex = 0; path = DS08_linkStack; sourceTree = BUILT_PRODUCTS_DIR; };
		464F855028E6ED9600A091AC /* DS08_linkStack.c */ = {isa = PBXFileReference; lastKnownFileType = sourcecode.c.c; path = DS08_linkStack.c; sourceTree = "<group>"; };
		4664D340290D30E5001F416E /* DS17_linkBinaryTree */ = {isa = PBXFileReference; explicitFileType = "compiled.mach-o.executable"; includeInIndex = 0; path = DS17_linkBinaryTree; sourceTree = BUILT_PRODUCTS_DIR; };
		4664D342290D30E5001F416E /* DS17_linkBinaryTree.c */ = {isa = PBXFileReference; lastKnownFileType = sourcecode.c.c; path = DS17_linkBinaryTree.c; sourceTree = "<group>"; };
		466533C0291415900008D0EF /* DS20_BalancedBinaryTree */ = {isa = PBXFileReference; explicitFileType = "compiled.mach-o.executable"; includeInIndex = 0; path = DS20_BalancedBinaryTree; sourceTree = BUILT_PRODUCTS_DIR; };
		466533C2291415900008D0EF /* DS20_BalancedBinaryTree.c */ = {isa = PBXFileReference; lastKnownFileType = sourcecode.c.c; path = DS20_BalancedBinaryTree.c; sourceTree = "<group>"; };
		46787B1C291A3E5800091DE8 /* DS21_HuffmanTree */ = {isa = PBXFileReference; explicitFileType = "compiled.mach-o.executable"; includeInIndex = 0; path = DS21_HuffmanTree; sourceTree = BUILT_PRODUCTS_DIR; };
		46787B1E291A3E5800091DE8 /* DS21_HuffmanTree.c */ = {isa = PBXFileReference; lastKnownFileType = sourcecode.c.c; path = DS21_HuffmanTree.c; sourceTree = "<group>"; };
		46787B23291B790500091DE8 /* DS01.md */ = {isa = PBXFileReference; lastKnownFileType = net.daringfireball.markdown; path = DS01.md; sourceTree = "<group>"; };
		46787B28291CD89000091DE8 /* DS21_graph */ = {isa = PBXFileReference; explicitFileType = "compiled.mach-o.executable"; includeInIndex = 0; path = DS21_graph; sourceTree = BUILT_PRODUCTS_DIR; };
		46787B2A291CD89000091DE8 /* DS22_graph.c */ = {isa = PBXFileReference; lastKnownFileType = sourcecode.c.c; path = DS22_graph.c; sourceTree = "<group>"; };
		4688AF44290FBF9600F68F9C /* DS18_threadLinkBinaryTree */ = {isa = PBXFileReference; explicitFileType = "compiled.mach-o.executable"; includeInIndex = 0; path = DS18_threadLinkBinaryTree; sourceTree = BUILT_PRODUCTS_DIR; };
		4688AF46290FBF9700F68F9C /* DS18_threadLinkBinaryTree.c */ = {isa = PBXFileReference; lastKnownFileType = sourcecode.c.c; path = DS18_threadLinkBinaryTree.c; sourceTree = "<group>"; };
		46946D8728CF7F0A001B2B56 /* DS01_sqlist */ = {isa = PBXFileReference; explicitFileType = "compiled.mach-o.executable"; includeInIndex = 0; path = DS01_sqlist; sourceTree = BUILT_PRODUCTS_DIR; };
		46946D9428CF7F41001B2B56 /* DS01_seqList.c */ = {isa = PBXFileReference; fileEncoding = 4; lastKnownFileType = sourcecode.c.c; path = DS01_seqList.c; sourceTree = "<group>"; };
		469527FC28D99AA8003B885C /* DS02_linkList */ = {isa = PBXFileReference; explicitFileType = "compiled.mach-o.executable"; includeInIndex = 0; path = DS02_linkList; sourceTree = BUILT_PRODUCTS_DIR; };
		4695280828E1B0DC003B885C /* DS03_doubleLinkList */ = {isa = PBXFileReference; explicitFileType = "compiled.mach-o.executable"; includeInIndex = 0; path = DS03_doubleLinkList; sourceTree = BUILT_PRODUCTS_DIR; };
		4695280A28E1B0DC003B885C /* DS03_doubleLinkList.c */ = {isa = PBXFileReference; lastKnownFileType = sourcecode.c.c; path = DS03_doubleLinkList.c; sourceTree = "<group>"; };
		4695281328E2D619003B885C /* DS04_circleList */ = {isa = PBXFileReference; explicitFileType = "compiled.mach-o.executable"; includeInIndex = 0; path = DS04_circleList; sourceTree = BUILT_PRODUCTS_DIR; };
		4695281528E2D619003B885C /* DS04_cycleList.c */ = {isa = PBXFileReference; lastKnownFileType = sourcecode.c.c; path = DS04_cycleList.c; sourceTree = "<group>"; };
		4695281E28E31699003B885C /* DS05_cycleDoubleList */ = {isa = PBXFileReference; explicitFileType = "compiled.mach-o.executable"; includeInIndex = 0; path = DS05_cycleDoubleList; sourceTree = BUILT_PRODUCTS_DIR; };
		4695282028E31699003B885C /* DS05_cycleDoubleList.c */ = {isa = PBXFileReference; lastKnownFileType = sourcecode.c.c; path = DS05_cycleDoubleList.c; sourceTree = "<group>"; };
		469D510128FE834F001FCB7C /* DS13_StringsPatternMatching */ = {isa = PBXFileReference; explicitFileType = "compiled.mach-o.executable"; includeInIndex = 0; path = DS13_StringsPatternMatching; sourceTree = BUILT_PRODUCTS_DIR; };
		469D510328FE834F001FCB7C /* DS13_StringsPatternMatching.c */ = {isa = PBXFileReference; lastKnownFileType = sourcecode.c.c; path = DS13_StringsPatternMatching.c; sourceTree = "<group>"; };
		469D510C28FFBF23001FCB7C /* DS14_ThreeTupleMatrix */ = {isa = PBXFileReference; explicitFileType = "compiled.mach-o.executable"; includeInIndex = 0; path = DS14_ThreeTupleMatrix; sourceTree = BUILT_PRODUCTS_DIR; };
		469D510E28FFBF23001FCB7C /* DS14_ThreeTupleMatrix.c */ = {isa = PBXFileReference; lastKnownFileType = sourcecode.c.c; path = DS14_ThreeTupleMatrix.c; sourceTree = "<group>"; };
		469D511728FFEB58001FCB7C /* DS15_CrossListMatrix */ = {isa = PBXFileReference; explicitFileType = "compiled.mach-o.executable"; includeInIndex = 0; path = DS15_CrossListMatrix; sourceTree = BUILT_PRODUCTS_DIR; };
		469D511928FFEB58001FCB7C /* DS15_CrossListMatrix.c */ = {isa = PBXFileReference; lastKnownFileType = sourcecode.c.c; path = DS15_CrossListMatrix.c; sourceTree = "<group>"; };
		469D512229022D31001FCB7C /* SortingAlgorithm */ = {isa = PBXFileReference; explicitFileType = "compiled.mach-o.executable"; includeInIndex = 0; path = SortingAlgorithm; sourceTree = BUILT_PRODUCTS_DIR; };
		469D512429022D31001FCB7C /* SortingAlgorithm.c */ = {isa = PBXFileReference; lastKnownFileType = sourcecode.c.c; path = SortingAlgorithm.c; sourceTree = "<group>"; };
		469D51292902F1F4001FCB7C /* README.md */ = {isa = PBXFileReference; lastKnownFileType = net.daringfireball.markdown; path = README.md; sourceTree = "<group>"; };
		469D512E2903CE8A001FCB7C /* DS16_seqBinaryTree */ = {isa = PBXFileReference; explicitFileType = "compiled.mach-o.executable"; includeInIndex = 0; path = DS16_seqBinaryTree; sourceTree = BUILT_PRODUCTS_DIR; };
		469D51302903CE8A001FCB7C /* DS16_seqBinaryTree.c */ = {isa = PBXFileReference; lastKnownFileType = sourcecode.c.c; path = DS16_seqBinaryTree.c; sourceTree = "<group>"; };
		46A2C6D428F04B2A009E8E59 /* DS09_circleQueue */ = {isa = PBXFileReference; explicitFileType = "compiled.mach-o.executable"; includeInIndex = 0; path = DS09_circleQueue; sourceTree = BUILT_PRODUCTS_DIR; };
		46A2C6D628F04B2A009E8E59 /* DS09_circleQueue.c */ = {isa = PBXFileReference; lastKnownFileType = sourcecode.c.c; path = DS09_circleQueue.c; sourceTree = "<group>"; };
		46D338012914B10000CD417E /* DS19_BinarySearchTree */ = {isa = PBXFileReference; explicitFileType = "compiled.mach-o.executable"; includeInIndex = 0; path = DS19_BinarySearchTree; sourceTree = BUILT_PRODUCTS_DIR; };
		46D338032914B10000CD417E /* DS19_BinarySearchTree.c */ = {isa = PBXFileReference; lastKnownFileType = sourcecode.c.c; path = DS19_BinarySearchTree.c; sourceTree = "<group>"; };
		46DB2F6B28D5B4D400052506 /* DS02_linkList.c */ = {isa = PBXFileReference; lastKnownFileType = sourcecode.c.c; path = DS02_linkList.c; sourceTree = "<group>"; };
		46F2A44428E41DB900763803 /* DS06_staticList */ = {isa = PBXFileReference; explicitFileType = "compiled.mach-o.executable"; includeInIndex = 0; path = DS06_staticList; sourceTree = BUILT_PRODUCTS_DIR; };
		46F2A44628E41DB900763803 /* DS06_staticList.c */ = {isa = PBXFileReference; lastKnownFileType = sourcecode.c.c; path = DS06_staticList.c; sourceTree = "<group>"; };
		46F2A44F28E42B2600763803 /* DS07_seqStack */ = {isa = PBXFileReference; explicitFileType = "compiled.mach-o.executable"; includeInIndex = 0; path = DS07_seqStack; sourceTree = BUILT_PRODUCTS_DIR; };
		46F2A45128E42B2700763803 /* DS07_seqStack.c */ = {isa = PBXFileReference; lastKnownFileType = sourcecode.c.c; path = DS07_seqStack.c; sourceTree = "<group>"; };
		46F2A45628E42B5E00763803 /* README.md */ = {isa = PBXFileReference; fileEncoding = 4; lastKnownFileType = net.daringfireball.markdown; path = README.md; sourceTree = "<group>"; xcLanguageSpecificationIdentifier = xcode.lang.markdown; };
		46F8D53628F6942100ACC81E /* 错题集.md */ = {isa = PBXFileReference; fileEncoding = 4; lastKnownFileType = net.daringfireball.markdown; path = "错题集.md"; sourceTree = "<group>"; };
		46F8D53B28F6A04800ACC81E /* DS11_seqString */ = {isa = PBXFileReference; explicitFileType = "compiled.mach-o.executable"; includeInIndex = 0; path = DS11_seqString; sourceTree = BUILT_PRODUCTS_DIR; };
		46F8D53D28F6A04800ACC81E /* DS11_seqString.c */ = {isa = PBXFileReference; lastKnownFileType = sourcecode.c.c; path = DS11_seqString.c; sourceTree = "<group>"; };
		46F8D54628F9802E00ACC81E /* DS12_linkString */ = {isa = PBXFileReference; explicitFileType = "compiled.mach-o.executable"; includeInIndex = 0; path = DS12_linkString; sourceTree = BUILT_PRODUCTS_DIR; };
		46F8D54828F9802F00ACC81E /* DS12_linkString.c */ = {isa = PBXFileReference; lastKnownFileType = sourcecode.c.c; path = DS12_linkString.c; sourceTree = "<group>"; };
		46FD4F0F28F1867A00AEE665 /* DS10_LinkQueue */ = {isa = PBXFileReference; explicitFileType = "compiled.mach-o.executable"; includeInIndex = 0; path = DS10_LinkQueue; sourceTree = BUILT_PRODUCTS_DIR; };
		46FD4F1128F1867A00AEE665 /* DS10_LinkQueue.c */ = {isa = PBXFileReference; lastKnownFileType = sourcecode.c.c; path = DS10_LinkQueue.c; sourceTree = "<group>"; };
/* End PBXFileReference section */

/* Begin PBXFrameworksBuildPhase section */
		464F854B28E6ED9600A091AC /* Frameworks */ = {
			isa = PBXFrameworksBuildPhase;
			buildActionMask = 2147483647;
			files = (
			);
			runOnlyForDeploymentPostprocessing = 0;
		};
		4664D33D290D30E5001F416E /* Frameworks */ = {
			isa = PBXFrameworksBuildPhase;
			buildActionMask = 2147483647;
			files = (
			);
			runOnlyForDeploymentPostprocessing = 0;
		};
		466533BD291415900008D0EF /* Frameworks */ = {
			isa = PBXFrameworksBuildPhase;
			buildActionMask = 2147483647;
			files = (
			);
			runOnlyForDeploymentPostprocessing = 0;
		};
		46787B19291A3E5800091DE8 /* Frameworks */ = {
			isa = PBXFrameworksBuildPhase;
			buildActionMask = 2147483647;
			files = (
			);
			runOnlyForDeploymentPostprocessing = 0;
		};
		46787B25291CD89000091DE8 /* Frameworks */ = {
			isa = PBXFrameworksBuildPhase;
			buildActionMask = 2147483647;
			files = (
			);
			runOnlyForDeploymentPostprocessing = 0;
		};
		4688AF41290FBF9600F68F9C /* Frameworks */ = {
			isa = PBXFrameworksBuildPhase;
			buildActionMask = 2147483647;
			files = (
			);
			runOnlyForDeploymentPostprocessing = 0;
		};
		46946D8428CF7F0A001B2B56 /* Frameworks */ = {
			isa = PBXFrameworksBuildPhase;
			buildActionMask = 2147483647;
			files = (
			);
			runOnlyForDeploymentPostprocessing = 0;
		};
		469527F928D99AA8003B885C /* Frameworks */ = {
			isa = PBXFrameworksBuildPhase;
			buildActionMask = 2147483647;
			files = (
			);
			runOnlyForDeploymentPostprocessing = 0;
		};
		4695280528E1B0DC003B885C /* Frameworks */ = {
			isa = PBXFrameworksBuildPhase;
			buildActionMask = 2147483647;
			files = (
			);
			runOnlyForDeploymentPostprocessing = 0;
		};
		4695281028E2D619003B885C /* Frameworks */ = {
			isa = PBXFrameworksBuildPhase;
			buildActionMask = 2147483647;
			files = (
			);
			runOnlyForDeploymentPostprocessing = 0;
		};
		4695281B28E31699003B885C /* Frameworks */ = {
			isa = PBXFrameworksBuildPhase;
			buildActionMask = 2147483647;
			files = (
			);
			runOnlyForDeploymentPostprocessing = 0;
		};
		469D50FE28FE834F001FCB7C /* Frameworks */ = {
			isa = PBXFrameworksBuildPhase;
			buildActionMask = 2147483647;
			files = (
			);
			runOnlyForDeploymentPostprocessing = 0;
		};
		469D510928FFBF23001FCB7C /* Frameworks */ = {
			isa = PBXFrameworksBuildPhase;
			buildActionMask = 2147483647;
			files = (
			);
			runOnlyForDeploymentPostprocessing = 0;
		};
		469D511428FFEB58001FCB7C /* Frameworks */ = {
			isa = PBXFrameworksBuildPhase;
			buildActionMask = 2147483647;
			files = (
			);
			runOnlyForDeploymentPostprocessing = 0;
		};
		469D511F29022D31001FCB7C /* Frameworks */ = {
			isa = PBXFrameworksBuildPhase;
			buildActionMask = 2147483647;
			files = (
			);
			runOnlyForDeploymentPostprocessing = 0;
		};
		469D512B2903CE8A001FCB7C /* Frameworks */ = {
			isa = PBXFrameworksBuildPhase;
			buildActionMask = 2147483647;
			files = (
			);
			runOnlyForDeploymentPostprocessing = 0;
		};
		46A2C6D128F04B2A009E8E59 /* Frameworks */ = {
			isa = PBXFrameworksBuildPhase;
			buildActionMask = 2147483647;
			files = (
			);
			runOnlyForDeploymentPostprocessing = 0;
		};
		46D337FE2914B10000CD417E /* Frameworks */ = {
			isa = PBXFrameworksBuildPhase;
			buildActionMask = 2147483647;
			files = (
			);
			runOnlyForDeploymentPostprocessing = 0;
		};
		46F2A44128E41DB900763803 /* Frameworks */ = {
			isa = PBXFrameworksBuildPhase;
			buildActionMask = 2147483647;
			files = (
			);
			runOnlyForDeploymentPostprocessing = 0;
		};
		46F2A44C28E42B2600763803 /* Frameworks */ = {
			isa = PBXFrameworksBuildPhase;
			buildActionMask = 2147483647;
			files = (
			);
			runOnlyForDeploymentPostprocessing = 0;
		};
		46F8D53828F6A04800ACC81E /* Frameworks */ = {
			isa = PBXFrameworksBuildPhase;
			buildActionMask = 2147483647;
			files = (
			);
			runOnlyForDeploymentPostprocessing = 0;
		};
		46F8D54328F9802E00ACC81E /* Frameworks */ = {
			isa = PBXFrameworksBuildPhase;
			buildActionMask = 2147483647;
			files = (
			);
			runOnlyForDeploymentPostprocessing = 0;
		};
		46FD4F0C28F1867A00AEE665 /* Frameworks */ = {
			isa = PBXFrameworksBuildPhase;
			buildActionMask = 2147483647;
			files = (
			);
			runOnlyForDeploymentPostprocessing = 0;
		};
/* End PBXFrameworksBuildPhase section */

/* Begin PBXGroup section */
		464F854F28E6ED9600A091AC /* DS08_linkStack */ = {
			isa = PBXGroup;
			children = (
				464F855028E6ED9600A091AC /* DS08_linkStack.c */,
			);
			path = DS08_linkStack;
			sourceTree = "<group>";
		};
		4664D341290D30E5001F416E /* DS17_linkBinaryTree */ = {
			isa = PBXGroup;
			children = (
				4664D342290D30E5001F416E /* DS17_linkBinaryTree.c */,
			);
			path = DS17_linkBinaryTree;
			sourceTree = "<group>";
		};
		466533C1291415900008D0EF /* DS20_BalancedBinaryTree */ = {
			isa = PBXGroup;
			children = (
				466533C2291415900008D0EF /* DS20_BalancedBinaryTree.c */,
			);
			path = DS20_BalancedBinaryTree;
			sourceTree = "<group>";
		};
		46787B1D291A3E5800091DE8 /* DS21_HuffmanTree */ = {
			isa = PBXGroup;
			children = (
				46787B1E291A3E5800091DE8 /* DS21_HuffmanTree.c */,
			);
			path = DS21_HuffmanTree;
			sourceTree = "<group>";
		};
		46787B29291CD89000091DE8 /* DS22_graph */ = {
			isa = PBXGroup;
			children = (
				46787B2A291CD89000091DE8 /* DS22_graph.c */,
			);
			path = DS22_graph;
			sourceTree = "<group>";
		};
		4688AF45290FBF9700F68F9C /* DS18_threadLinkBinaryTree */ = {
			isa = PBXGroup;
			children = (
				4688AF46290FBF9700F68F9C /* DS18_threadLinkBinaryTree.c */,
			);
			path = DS18_threadLinkBinaryTree;
			sourceTree = "<group>";
		};
		46946D7E28CF7F0A001B2B56 = {
			isa = PBXGroup;
			children = (
				46787B23291B790500091DE8 /* DS01.md */,
				46F2A45628E42B5E00763803 /* README.md */,
				46F8D53628F6942100ACC81E /* 错题集.md */,
				469D512329022D31001FCB7C /* SortingAlgorithm */,
				46946D8928CF7F0A001B2B56 /* DS01_seqList */,
				469527FD28D99AA8003B885C /* DS02_linkList */,
				4695280928E1B0DC003B885C /* DS03_doubleLinkList */,
				4695281428E2D619003B885C /* DS04_cycleList */,
				4695281F28E31699003B885C /* DS05_cycleDoubleList */,
				46F2A44528E41DB900763803 /* DS06_staticList */,
				46F2A45028E42B2700763803 /* DS07_seqStack */,
				464F854F28E6ED9600A091AC /* DS08_linkStack */,
				46A2C6D528F04B2A009E8E59 /* DS09_circleQueue */,
				46FD4F1028F1867A00AEE665 /* DS10_LinkQueue */,
				46F8D53C28F6A04800ACC81E /* DS11_seqString */,
				46F8D54728F9802F00ACC81E /* DS12_linkString */,
				469D510228FE834F001FCB7C /* DS13_StringsPatternMatching */,
				469D510D28FFBF23001FCB7C /* DS14_ThreeTupleMatrix */,
				469D511828FFEB58001FCB7C /* DS15_CrossListMatrix */,
				469D512F2903CE8A001FCB7C /* DS16_seqBinaryTree */,
				4664D341290D30E5001F416E /* DS17_linkBinaryTree */,
				4688AF45290FBF9700F68F9C /* DS18_threadLinkBinaryTree */,
				46D338022914B10000CD417E /* DS19_BinarySearchTree */,
				466533C1291415900008D0EF /* DS20_BalancedBinaryTree */,
				46787B1D291A3E5800091DE8 /* DS21_HuffmanTree */,
				46787B29291CD89000091DE8 /* DS22_graph */,
				46946D8828CF7F0A001B2B56 /* Products */,
			);
			sourceTree = "<group>";
		};
		46946D8828CF7F0A001B2B56 /* Products */ = {
			isa = PBXGroup;
			children = (
				46946D8728CF7F0A001B2B56 /* DS01_sqlist */,
				469527FC28D99AA8003B885C /* DS02_linkList */,
				4695280828E1B0DC003B885C /* DS03_doubleLinkList */,
				4695281328E2D619003B885C /* DS04_circleList */,
				4695281E28E31699003B885C /* DS05_cycleDoubleList */,
				46F2A44428E41DB900763803 /* DS06_staticList */,
				46F2A44F28E42B2600763803 /* DS07_seqStack */,
				464F854E28E6ED9600A091AC /* DS08_linkStack */,
				46A2C6D428F04B2A009E8E59 /* DS09_circleQueue */,
				46FD4F0F28F1867A00AEE665 /* DS10_LinkQueue */,
				46F8D53B28F6A04800ACC81E /* DS11_seqString */,
				46F8D54628F9802E00ACC81E /* DS12_linkString */,
				469D510128FE834F001FCB7C /* DS13_StringsPatternMatching */,
				469D510C28FFBF23001FCB7C /* DS14_ThreeTupleMatrix */,
				469D511728FFEB58001FCB7C /* DS15_CrossListMatrix */,
				469D512229022D31001FCB7C /* SortingAlgorithm */,
				469D512E2903CE8A001FCB7C /* DS16_seqBinaryTree */,
				4664D340290D30E5001F416E /* DS17_linkBinaryTree */,
				4688AF44290FBF9600F68F9C /* DS18_threadLinkBinaryTree */,
				466533C0291415900008D0EF /* DS20_BalancedBinaryTree */,
				46D338012914B10000CD417E /* DS19_BinarySearchTree */,
				46787B1C291A3E5800091DE8 /* DS21_HuffmanTree */,
				46787B28291CD89000091DE8 /* DS21_graph */,
			);
			name = Products;
			sourceTree = "<group>";
		};
		46946D8928CF7F0A001B2B56 /* DS01_seqList */ = {
			isa = PBXGroup;
			children = (
				46946D9428CF7F41001B2B56 /* DS01_seqList.c */,
			);
			path = DS01_seqList;
			sourceTree = "<group>";
		};
		469527FD28D99AA8003B885C /* DS02_linkList */ = {
			isa = PBXGroup;
			children = (
				46DB2F6B28D5B4D400052506 /* DS02_linkList.c */,
			);
			path = DS02_linkList;
			sourceTree = "<group>";
		};
		4695280928E1B0DC003B885C /* DS03_doubleLinkList */ = {
			isa = PBXGroup;
			children = (
				4695280A28E1B0DC003B885C /* DS03_doubleLinkList.c */,
			);
			path = DS03_doubleLinkList;
			sourceTree = "<group>";
		};
		4695281428E2D619003B885C /* DS04_cycleList */ = {
			isa = PBXGroup;
			children = (
				4695281528E2D619003B885C /* DS04_cycleList.c */,
			);
			path = DS04_cycleList;
			sourceTree = "<group>";
		};
		4695281F28E31699003B885C /* DS05_cycleDoubleList */ = {
			isa = PBXGroup;
			children = (
				4695282028E31699003B885C /* DS05_cycleDoubleList.c */,
			);
			path = DS05_cycleDoubleList;
			sourceTree = "<group>";
		};
		469D510228FE834F001FCB7C /* DS13_StringsPatternMatching */ = {
			isa = PBXGroup;
			children = (
				469D510328FE834F001FCB7C /* DS13_StringsPatternMatching.c */,
			);
			path = DS13_StringsPatternMatching;
			sourceTree = "<group>";
		};
		469D510D28FFBF23001FCB7C /* DS14_ThreeTupleMatrix */ = {
			isa = PBXGroup;
			children = (
				469D510E28FFBF23001FCB7C /* DS14_ThreeTupleMatrix.c */,
			);
			path = DS14_ThreeTupleMatrix;
			sourceTree = "<group>";
		};
		469D511828FFEB58001FCB7C /* DS15_CrossListMatrix */ = {
			isa = PBXGroup;
			children = (
				469D511928FFEB58001FCB7C /* DS15_CrossListMatrix.c */,
			);
			path = DS15_CrossListMatrix;
			sourceTree = "<group>";
		};
		469D512329022D31001FCB7C /* SortingAlgorithm */ = {
			isa = PBXGroup;
			children = (
				469D512429022D31001FCB7C /* SortingAlgorithm.c */,
				469D51292902F1F4001FCB7C /* README.md */,
			);
			path = SortingAlgorithm;
			sourceTree = "<group>";
		};
		469D512F2903CE8A001FCB7C /* DS16_seqBinaryTree */ = {
			isa = PBXGroup;
			children = (
				469D51302903CE8A001FCB7C /* DS16_seqBinaryTree.c */,
			);
			path = DS16_seqBinaryTree;
			sourceTree = "<group>";
		};
		46A2C6D528F04B2A009E8E59 /* DS09_circleQueue */ = {
			isa = PBXGroup;
			children = (
				46A2C6D628F04B2A009E8E59 /* DS09_circleQueue.c */,
			);
			path = DS09_circleQueue;
			sourceTree = "<group>";
		};
		46D338022914B10000CD417E /* DS19_BinarySearchTree */ = {
			isa = PBXGroup;
			children = (
				46D338032914B10000CD417E /* DS19_BinarySearchTree.c */,
			);
			path = DS19_BinarySearchTree;
			sourceTree = "<group>";
		};
		46F2A44528E41DB900763803 /* DS06_staticList */ = {
			isa = PBXGroup;
			children = (
				46F2A44628E41DB900763803 /* DS06_staticList.c */,
			);
			path = DS06_staticList;
			sourceTree = "<group>";
		};
		46F2A45028E42B2700763803 /* DS07_seqStack */ = {
			isa = PBXGroup;
			children = (
				46F2A45128E42B2700763803 /* DS07_seqStack.c */,
			);
			path = DS07_seqStack;
			sourceTree = "<group>";
		};
		46F8D53C28F6A04800ACC81E /* DS11_seqString */ = {
			isa = PBXGroup;
			children = (
				46F8D53D28F6A04800ACC81E /* DS11_seqString.c */,
			);
			path = DS11_seqString;
			sourceTree = "<group>";
		};
		46F8D54728F9802F00ACC81E /* DS12_linkString */ = {
			isa = PBXGroup;
			children = (
				46F8D54828F9802F00ACC81E /* DS12_linkString.c */,
			);
			path = DS12_linkString;
			sourceTree = "<group>";
		};
		46FD4F1028F1867A00AEE665 /* DS10_LinkQueue */ = {
			isa = PBXGroup;
			children = (
				46FD4F1128F1867A00AEE665 /* DS10_LinkQueue.c */,
			);
			path = DS10_LinkQueue;
			sourceTree = "<group>";
		};
/* End PBXGroup section */

/* Begin PBXNativeTarget section */
		464F854D28E6ED9600A091AC /* DS08_linkStack */ = {
			isa = PBXNativeTarget;
			buildConfigurationList = 464F855228E6ED9600A091AC /* Build configuration list for PBXNativeTarget "DS08_linkStack" */;
			buildPhases = (
				464F854A28E6ED9600A091AC /* Sources */,
				464F854B28E6ED9600A091AC /* Frameworks */,
				464F854C28E6ED9600A091AC /* CopyFiles */,
			);
			buildRules = (
			);
			dependencies = (
			);
			name = DS08_linkStack;
			productName = DS08_LStack;
			productReference = 464F854E28E6ED9600A091AC /* DS08_linkStack */;
			productType = "com.apple.product-type.tool";
		};
		4664D33F290D30E5001F416E /* DS17_linkBinaryTree */ = {
			isa = PBXNativeTarget;
			buildConfigurationList = 4664D346290D30E5001F416E /* Build configuration list for PBXNativeTarget "DS17_linkBinaryTree" */;
			buildPhases = (
				4664D33C290D30E5001F416E /* Sources */,
				4664D33D290D30E5001F416E /* Frameworks */,
				4664D33E290D30E5001F416E /* CopyFiles */,
			);
			buildRules = (
			);
			dependencies = (
			);
			name = DS17_linkBinaryTree;
			productName = DS17_linkedBinaryTree;
			productReference = 4664D340290D30E5001F416E /* DS17_linkBinaryTree */;
			productType = "com.apple.product-type.tool";
		};
		466533BF291415900008D0EF /* DS20_BalancedBinaryTree */ = {
			isa = PBXNativeTarget;
			buildConfigurationList = 466533C6291415900008D0EF /* Build configuration list for PBXNativeTarget "DS20_BalancedBinaryTree" */;
			buildPhases = (
				466533BC291415900008D0EF /* Sources */,
				466533BD291415900008D0EF /* Frameworks */,
				466533BE291415900008D0EF /* CopyFiles */,
			);
			buildRules = (
			);
			dependencies = (
			);
			name = DS20_BalancedBinaryTree;
			productName = DS19_BalancedBinaryTree;
			productReference = 466533C0291415900008D0EF /* DS20_BalancedBinaryTree */;
			productType = "com.apple.product-type.tool";
		};
		46787B1B291A3E5800091DE8 /* DS21_HuffmanTree */ = {
			isa = PBXNativeTarget;
			buildConfigurationList = 46787B22291A3E5800091DE8 /* Build configuration list for PBXNativeTarget "DS21_HuffmanTree" */;
			buildPhases = (
				46787B18291A3E5800091DE8 /* Sources */,
				46787B19291A3E5800091DE8 /* Frameworks */,
				46787B1A291A3E5800091DE8 /* CopyFiles */,
			);
			buildRules = (
			);
			dependencies = (
			);
			name = DS21_HuffmanTree;
			productName = DS21_HuffmanTree;
			productReference = 46787B1C291A3E5800091DE8 /* DS21_HuffmanTree */;
			productType = "com.apple.product-type.tool";
		};
		46787B27291CD89000091DE8 /* DS21_graph */ = {
			isa = PBXNativeTarget;
			buildConfigurationList = 46787B2C291CD89000091DE8 /* Build configuration list for PBXNativeTarget "DS21_graph" */;
			buildPhases = (
				46787B24291CD89000091DE8 /* Sources */,
				46787B25291CD89000091DE8 /* Frameworks */,
				46787B26291CD89000091DE8 /* CopyFiles */,
			);
			buildRules = (
			);
			dependencies = (
			);
			name = DS21_graph;
			productName = DS21_graph;
			productReference = 46787B28291CD89000091DE8 /* DS21_graph */;
			productType = "com.apple.product-type.tool";
		};
		4688AF43290FBF9600F68F9C /* DS18_threadLinkBinaryTree */ = {
			isa = PBXNativeTarget;
			buildConfigurationList = 4688AF4A290FBF9700F68F9C /* Build configuration list for PBXNativeTarget "DS18_threadLinkBinaryTree" */;
			buildPhases = (
				4688AF40290FBF9600F68F9C /* Sources */,
				4688AF41290FBF9600F68F9C /* Frameworks */,
				4688AF42290FBF9600F68F9C /* CopyFiles */,
			);
			buildRules = (
			);
			dependencies = (
			);
			name = DS18_threadLinkBinaryTree;
			productName = DS18_threadLinkBinaryTree;
			productReference = 4688AF44290FBF9600F68F9C /* DS18_threadLinkBinaryTree */;
			productType = "com.apple.product-type.tool";
		};
		46946D8628CF7F0A001B2B56 /* DS01_sqlist */ = {
			isa = PBXNativeTarget;
			buildConfigurationList = 46946D8E28CF7F0A001B2B56 /* Build configuration list for PBXNativeTarget "DS01_sqlist" */;
			buildPhases = (
				46946D8328CF7F0A001B2B56 /* Sources */,
				46946D8428CF7F0A001B2B56 /* Frameworks */,
				46946D8528CF7F0A001B2B56 /* CopyFiles */,
			);
			buildRules = (
			);
			dependencies = (
			);
			name = DS01_sqlist;
			productName = DataStructure;
			productReference = 46946D8728CF7F0A001B2B56 /* DS01_sqlist */;
			productType = "com.apple.product-type.tool";
		};
		469527FB28D99AA8003B885C /* DS02_linkList */ = {
			isa = PBXNativeTarget;
			buildConfigurationList = 4695280228D99AA8003B885C /* Build configuration list for PBXNativeTarget "DS02_linkList" */;
			buildPhases = (
				469527F828D99AA8003B885C /* Sources */,
				469527F928D99AA8003B885C /* Frameworks */,
				469527FA28D99AA8003B885C /* CopyFiles */,
			);
			buildRules = (
			);
			dependencies = (
			);
			name = DS02_linkList;
			productName = DataS;
			productReference = 469527FC28D99AA8003B885C /* DS02_linkList */;
			productType = "com.apple.product-type.tool";
		};
		4695280728E1B0DC003B885C /* DS03_doubleLinkList */ = {
			isa = PBXNativeTarget;
			buildConfigurationList = 4695280E28E1B0DC003B885C /* Build configuration list for PBXNativeTarget "DS03_doubleLinkList" */;
			buildPhases = (
				4695280428E1B0DC003B885C /* Sources */,
				4695280528E1B0DC003B885C /* Frameworks */,
				4695280628E1B0DC003B885C /* CopyFiles */,
			);
			buildRules = (
			);
			dependencies = (
			);
			name = DS03_doubleLinkList;
			productName = DS03_DNode;
			productReference = 4695280828E1B0DC003B885C /* DS03_doubleLinkList */;
			productType = "com.apple.product-type.tool";
		};
		4695281228E2D619003B885C /* DS04_circleList */ = {
			isa = PBXNativeTarget;
			buildConfigurationList = 4695281928E2D619003B885C /* Build configuration list for PBXNativeTarget "DS04_circleList" */;
			buildPhases = (
				4695280F28E2D619003B885C /* Sources */,
				4695281028E2D619003B885C /* Frameworks */,
				4695281128E2D619003B885C /* CopyFiles */,
			);
			buildRules = (
			);
			dependencies = (
			);
			name = DS04_circleList;
			productName = DS04_circleList;
			productReference = 4695281328E2D619003B885C /* DS04_circleList */;
			productType = "com.apple.product-type.tool";
		};
		4695281D28E31699003B885C /* DS05_cycleDoubleList */ = {
			isa = PBXNativeTarget;
			buildConfigurationList = 4695282228E31699003B885C /* Build configuration list for PBXNativeTarget "DS05_cycleDoubleList" */;
			buildPhases = (
				4695281A28E31699003B885C /* Sources */,
				4695281B28E31699003B885C /* Frameworks */,
				4695281C28E31699003B885C /* CopyFiles */,
			);
			buildRules = (
			);
			dependencies = (
			);
			name = DS05_cycleDoubleList;
			productName = DS05_CDNode;
			productReference = 4695281E28E31699003B885C /* DS05_cycleDoubleList */;
			productType = "com.apple.product-type.tool";
		};
		469D510028FE834F001FCB7C /* DS13_StringsPatternMatching */ = {
			isa = PBXNativeTarget;
			buildConfigurationList = 469D510728FE834F001FCB7C /* Build configuration list for PBXNativeTarget "DS13_StringsPatternMatching" */;
			buildPhases = (
				469D50FD28FE834F001FCB7C /* Sources */,
				469D50FE28FE834F001FCB7C /* Frameworks */,
				469D50FF28FE834F001FCB7C /* CopyFiles */,
			);
			buildRules = (
			);
			dependencies = (
			);
			name = DS13_StringsPatternMatching;
			productName = DS13_StringsPatternMatching;
			productReference = 469D510128FE834F001FCB7C /* DS13_StringsPatternMatching */;
			productType = "com.apple.product-type.tool";
		};
		469D510B28FFBF23001FCB7C /* DS14_ThreeTupleMatrix */ = {
			isa = PBXNativeTarget;
			buildConfigurationList = 469D511028FFBF23001FCB7C /* Build configuration list for PBXNativeTarget "DS14_ThreeTupleMatrix" */;
			buildPhases = (
				469D510828FFBF23001FCB7C /* Sources */,
				469D510928FFBF23001FCB7C /* Frameworks */,
				469D510A28FFBF23001FCB7C /* CopyFiles */,
			);
			buildRules = (
			);
			dependencies = (
			);
			name = DS14_ThreeTupleMatrix;
			productName = "DS14_ sparseMatrix";
			productReference = 469D510C28FFBF23001FCB7C /* DS14_ThreeTupleMatrix */;
			productType = "com.apple.product-type.tool";
		};
		469D511628FFEB58001FCB7C /* DS15_CrossListMatrix */ = {
			isa = PBXNativeTarget;
			buildConfigurationList = 469D511B28FFEB58001FCB7C /* Build configuration list for PBXNativeTarget "DS15_CrossListMatrix" */;
			buildPhases = (
				469D511328FFEB58001FCB7C /* Sources */,
				469D511428FFEB58001FCB7C /* Frameworks */,
				469D511528FFEB58001FCB7C /* CopyFiles */,
			);
			buildRules = (
			);
			dependencies = (
			);
			name = DS15_CrossListMatrix;
			productName = DS15_CrossListMatrix;
			productReference = 469D511728FFEB58001FCB7C /* DS15_CrossListMatrix */;
			productType = "com.apple.product-type.tool";
		};
		469D512129022D31001FCB7C /* SortingAlgorithm */ = {
			isa = PBXNativeTarget;
			buildConfigurationList = 469D512629022D31001FCB7C /* Build configuration list for PBXNativeTarget "SortingAlgorithm" */;
			buildPhases = (
				469D511E29022D31001FCB7C /* Sources */,
				469D511F29022D31001FCB7C /* Frameworks */,
				469D512029022D31001FCB7C /* CopyFiles */,
			);
			buildRules = (
			);
			dependencies = (
			);
			name = SortingAlgorithm;
			productName = SortingAlgorithm;
			productReference = 469D512229022D31001FCB7C /* SortingAlgorithm */;
			productType = "com.apple.product-type.tool";
		};
		469D512D2903CE8A001FCB7C /* DS16_seqBinaryTree */ = {
			isa = PBXNativeTarget;
			buildConfigurationList = 469D51342903CE8A001FCB7C /* Build configuration list for PBXNativeTarget "DS16_seqBinaryTree" */;
			buildPhases = (
				469D512A2903CE8A001FCB7C /* Sources */,
				469D512B2903CE8A001FCB7C /* Frameworks */,
				469D512C2903CE8A001FCB7C /* CopyFiles */,
			);
			buildRules = (
			);
			dependencies = (
			);
			name = DS16_seqBinaryTree;
			productName = DS16_seqBinaryTree;
			productReference = 469D512E2903CE8A001FCB7C /* DS16_seqBinaryTree */;
			productType = "com.apple.product-type.tool";
		};
		46A2C6D328F04B2A009E8E59 /* DS09_circleQueue */ = {
			isa = PBXNativeTarget;
			buildConfigurationList = 46A2C6D828F04B2A009E8E59 /* Build configuration list for PBXNativeTarget "DS09_circleQueue" */;
			buildPhases = (
				46A2C6D028F04B2A009E8E59 /* Sources */,
				46A2C6D128F04B2A009E8E59 /* Frameworks */,
				46A2C6D228F04B2A009E8E59 /* CopyFiles */,
			);
			buildRules = (
			);
			dependencies = (
			);
			name = DS09_circleQueue;
			productName = DS09_circleQueue;
			productReference = 46A2C6D428F04B2A009E8E59 /* DS09_circleQueue */;
			productType = "com.apple.product-type.tool";
		};
		46D338002914B10000CD417E /* DS19_BinarySearchTree */ = {
			isa = PBXNativeTarget;
			buildConfigurationList = 46D338052914B10000CD417E /* Build configuration list for PBXNativeTarget "DS19_BinarySearchTree" */;
			buildPhases = (
				46D337FD2914B10000CD417E /* Sources */,
				46D337FE2914B10000CD417E /* Frameworks */,
				46D337FF2914B10000CD417E /* CopyFiles */,
			);
			buildRules = (
			);
			dependencies = (
			);
			name = DS19_BinarySearchTree;
			productName = DS19_BinarySearchTree;
			productReference = 46D338012914B10000CD417E /* DS19_BinarySearchTree */;
			productType = "com.apple.product-type.tool";
		};
		46F2A44328E41DB900763803 /* DS06_staticList */ = {
			isa = PBXNativeTarget;
			buildConfigurationList = 46F2A44828E41DB900763803 /* Build configuration list for PBXNativeTarget "DS06_staticList" */;
			buildPhases = (
				46F2A44028E41DB900763803 /* Sources */,
				46F2A44128E41DB900763803 /* Frameworks */,
				46F2A44228E41DB900763803 /* CopyFiles */,
			);
			buildRules = (
			);
			dependencies = (
			);
			name = DS06_staticList;
			productName = DS06_SNode;
			productReference = 46F2A44428E41DB900763803 /* DS06_staticList */;
			productType = "com.apple.product-type.tool";
		};
		46F2A44E28E42B2600763803 /* DS07_seqStack */ = {
			isa = PBXNativeTarget;
			buildConfigurationList = 46F2A45328E42B2700763803 /* Build configuration list for PBXNativeTarget "DS07_seqStack" */;
			buildPhases = (
				46F2A44B28E42B2600763803 /* Sources */,
				46F2A44C28E42B2600763803 /* Frameworks */,
				46F2A44D28E42B2600763803 /* CopyFiles */,
			);
			buildRules = (
			);
			dependencies = (
			);
			name = DS07_seqStack;
			productName = DS07_seqStack;
			productReference = 46F2A44F28E42B2600763803 /* DS07_seqStack */;
			productType = "com.apple.product-type.tool";
		};
		46F8D53A28F6A04800ACC81E /* DS11_seqString */ = {
			isa = PBXNativeTarget;
			buildConfigurationList = 46F8D53F28F6A04800ACC81E /* Build configuration list for PBXNativeTarget "DS11_seqString" */;
			buildPhases = (
				46F8D53728F6A04800ACC81E /* Sources */,
				46F8D53828F6A04800ACC81E /* Frameworks */,
				46F8D53928F6A04800ACC81E /* CopyFiles */,
			);
			buildRules = (
			);
			dependencies = (
			);
			name = DS11_seqString;
			productName = DS11_seqString;
			productReference = 46F8D53B28F6A04800ACC81E /* DS11_seqString */;
			productType = "com.apple.product-type.tool";
		};
		46F8D54528F9802E00ACC81E /* DS12_linkString */ = {
			isa = PBXNativeTarget;
			buildConfigurationList = 46F8D54A28F9802F00ACC81E /* Build configuration list for PBXNativeTarget "DS12_linkString" */;
			buildPhases = (
				46F8D54228F9802E00ACC81E /* Sources */,
				46F8D54328F9802E00ACC81E /* Frameworks */,
				46F8D54428F9802E00ACC81E /* CopyFiles */,
			);
			buildRules = (
			);
			dependencies = (
			);
			name = DS12_linkString;
			productName = DS12_linkStr;
			productReference = 46F8D54628F9802E00ACC81E /* DS12_linkString */;
			productType = "com.apple.product-type.tool";
		};
		46FD4F0E28F1867A00AEE665 /* DS10_LinkQueue */ = {
			isa = PBXNativeTarget;
			buildConfigurationList = 46FD4F1328F1867A00AEE665 /* Build configuration list for PBXNativeTarget "DS10_LinkQueue" */;
			buildPhases = (
				46FD4F0B28F1867A00AEE665 /* Sources */,
				46FD4F0C28F1867A00AEE665 /* Frameworks */,
				46FD4F0D28F1867A00AEE665 /* CopyFiles */,
			);
			buildRules = (
			);
			dependencies = (
			);
			name = DS10_LinkQueue;
			productName = DS10_LinkQueue;
			productReference = 46FD4F0F28F1867A00AEE665 /* DS10_LinkQueue */;
			productType = "com.apple.product-type.tool";
		};
/* End PBXNativeTarget section */

/* Begin PBXProject section */
		46946D7F28CF7F0A001B2B56 /* Project object */ = {
			isa = PBXProject;
			attributes = {
				BuildIndependentTargetsInParallel = 1;
				LastUpgradeCheck = 1410;
				TargetAttributes = {
					464F854D28E6ED9600A091AC = {
						CreatedOnToolsVersion = 13.4.1;
					};
					4664D33F290D30E5001F416E = {
						CreatedOnToolsVersion = 13.4.1;
					};
					466533BF291415900008D0EF = {
						CreatedOnToolsVersion = 14.1;
					};
					46787B1B291A3E5800091DE8 = {
						CreatedOnToolsVersion = 14.1;
					};
					46787B27291CD89000091DE8 = {
						CreatedOnToolsVersion = 14.1;
					};
					4688AF43290FBF9600F68F9C = {
						CreatedOnToolsVersion = 13.4.1;
					};
					46946D8628CF7F0A001B2B56 = {
						CreatedOnToolsVersion = 13.4.1;
					};
					469527FB28D99AA8003B885C = {
						CreatedOnToolsVersion = 13.4.1;
					};
					4695280728E1B0DC003B885C = {
						CreatedOnToolsVersion = 13.4.1;
					};
					4695281228E2D619003B885C = {
						CreatedOnToolsVersion = 13.4.1;
					};
					4695281D28E31699003B885C = {
						CreatedOnToolsVersion = 13.4.1;
					};
					469D510028FE834F001FCB7C = {
						CreatedOnToolsVersion = 13.4.1;
					};
					469D510B28FFBF23001FCB7C = {
						CreatedOnToolsVersion = 13.4.1;
					};
					469D511628FFEB58001FCB7C = {
						CreatedOnToolsVersion = 13.4.1;
					};
					469D512129022D31001FCB7C = {
						CreatedOnToolsVersion = 13.4.1;
					};
					469D512D2903CE8A001FCB7C = {
						CreatedOnToolsVersion = 13.4.1;
					};
					46A2C6D328F04B2A009E8E59 = {
						CreatedOnToolsVersion = 13.4.1;
					};
					46D338002914B10000CD417E = {
						CreatedOnToolsVersion = 14.1;
					};
					46F2A44328E41DB900763803 = {
						CreatedOnToolsVersion = 13.4.1;
					};
					46F2A44E28E42B2600763803 = {
						CreatedOnToolsVersion = 13.4.1;
					};
					46F8D53A28F6A04800ACC81E = {
						CreatedOnToolsVersion = 13.4.1;
					};
					46F8D54528F9802E00ACC81E = {
						CreatedOnToolsVersion = 13.4.1;
					};
					46FD4F0E28F1867A00AEE665 = {
						CreatedOnToolsVersion = 13.4.1;
					};
				};
			};
			buildConfigurationList = 46946D8228CF7F0A001B2B56 /* Build configuration list for PBXProject "DataStructure" */;
			compatibilityVersion = "Xcode 13.0";
			developmentRegion = en;
			hasScannedForEncodings = 0;
			knownRegions = (
				en,
				Base,
			);
			mainGroup = 46946D7E28CF7F0A001B2B56;
			productRefGroup = 46946D8828CF7F0A001B2B56 /* Products */;
			projectDirPath = "";
			projectRoot = "";
			targets = (
				46946D8628CF7F0A001B2B56 /* DS01_sqlist */,
				469527FB28D99AA8003B885C /* DS02_linkList */,
				4695280728E1B0DC003B885C /* DS03_doubleLinkList */,
				4695281228E2D619003B885C /* DS04_circleList */,
				4695281D28E31699003B885C /* DS05_cycleDoubleList */,
				46F2A44328E41DB900763803 /* DS06_staticList */,
				46F2A44E28E42B2600763803 /* DS07_seqStack */,
				464F854D28E6ED9600A091AC /* DS08_linkStack */,
				46A2C6D328F04B2A009E8E59 /* DS09_circleQueue */,
				46FD4F0E28F1867A00AEE665 /* DS10_LinkQueue */,
				46F8D53A28F6A04800ACC81E /* DS11_seqString */,
				46F8D54528F9802E00ACC81E /* DS12_linkString */,
				469D510028FE834F001FCB7C /* DS13_StringsPatternMatching */,
				469D510B28FFBF23001FCB7C /* DS14_ThreeTupleMatrix */,
				469D511628FFEB58001FCB7C /* DS15_CrossListMatrix */,
				469D512D2903CE8A001FCB7C /* DS16_seqBinaryTree */,
				469D512129022D31001FCB7C /* SortingAlgorithm */,
				4664D33F290D30E5001F416E /* DS17_linkBinaryTree */,
				4688AF43290FBF9600F68F9C /* DS18_threadLinkBinaryTree */,
				46D338002914B10000CD417E /* DS19_BinarySearchTree */,
				466533BF291415900008D0EF /* DS20_BalancedBinaryTree */,
				46787B1B291A3E5800091DE8 /* DS21_HuffmanTree */,
				46787B27291CD89000091DE8 /* DS21_graph */,
			);
		};
/* End PBXProject section */

/* Begin PBXSourcesBuildPhase section */
		464F854A28E6ED9600A091AC /* Sources */ = {
			isa = PBXSourcesBuildPhase;
			buildActionMask = 2147483647;
			files = (
				464F855128E6ED9600A091AC /* DS08_linkStack.c in Sources */,
			);
			runOnlyForDeploymentPostprocessing = 0;
		};
		4664D33C290D30E5001F416E /* Sources */ = {
			isa = PBXSourcesBuildPhase;
			buildActionMask = 2147483647;
			files = (
				4664D343290D30E5001F416E /* DS17_linkBinaryTree.c in Sources */,
			);
			runOnlyForDeploymentPostprocessing = 0;
		};
		466533BC291415900008D0EF /* Sources */ = {
			isa = PBXSourcesBuildPhase;
			buildActionMask = 2147483647;
			files = (
				466533C3291415900008D0EF /* DS20_BalancedBinaryTree.c in Sources */,
			);
			runOnlyForDeploymentPostprocessing = 0;
		};
		46787B18291A3E5800091DE8 /* Sources */ = {
			isa = PBXSourcesBuildPhase;
			buildActionMask = 2147483647;
			files = (
				46787B1F291A3E5800091DE8 /* DS21_HuffmanTree.c in Sources */,
			);
			runOnlyForDeploymentPostprocessing = 0;
		};
		46787B24291CD89000091DE8 /* Sources */ = {
			isa = PBXSourcesBuildPhase;
			buildActionMask = 2147483647;
			files = (
				46787B2B291CD89000091DE8 /* DS22_graph.c in Sources */,
			);
			runOnlyForDeploymentPostprocessing = 0;
		};
		4688AF40290FBF9600F68F9C /* Sources */ = {
			isa = PBXSourcesBuildPhase;
			buildActionMask = 2147483647;
			files = (
				4688AF47290FBF9700F68F9C /* DS18_threadLinkBinaryTree.c in Sources */,
			);
			runOnlyForDeploymentPostprocessing = 0;
		};
		46946D8328CF7F0A001B2B56 /* Sources */ = {
			isa = PBXSourcesBuildPhase;
			buildActionMask = 2147483647;
			files = (
				46946D9628CF7F41001B2B56 /* DS01_seqList.c in Sources */,
			);
			runOnlyForDeploymentPostprocessing = 0;
		};
		469527F828D99AA8003B885C /* Sources */ = {
			isa = PBXSourcesBuildPhase;
			buildActionMask = 2147483647;
			files = (
				4695280328D99AB9003B885C /* DS02_linkList.c in Sources */,
			);
			runOnlyForDeploymentPostprocessing = 0;
		};
		4695280428E1B0DC003B885C /* Sources */ = {
			isa = PBXSourcesBuildPhase;
			buildActionMask = 2147483647;
			files = (
				4695280B28E1B0DC003B885C /* DS03_doubleLinkList.c in Sources */,
			);
			runOnlyForDeploymentPostprocessing = 0;
		};
		4695280F28E2D619003B885C /* Sources */ = {
			isa = PBXSourcesBuildPhase;
			buildActionMask = 2147483647;
			files = (
				4695281628E2D619003B885C /* DS04_cycleList.c in Sources */,
			);
			runOnlyForDeploymentPostprocessing = 0;
		};
		4695281A28E31699003B885C /* Sources */ = {
			isa = PBXSourcesBuildPhase;
			buildActionMask = 2147483647;
			files = (
				4695282128E31699003B885C /* DS05_cycleDoubleList.c in Sources */,
			);
			runOnlyForDeploymentPostprocessing = 0;
		};
		469D50FD28FE834F001FCB7C /* Sources */ = {
			isa = PBXSourcesBuildPhase;
			buildActionMask = 2147483647;
			files = (
				469D510428FE834F001FCB7C /* DS13_StringsPatternMatching.c in Sources */,
			);
			runOnlyForDeploymentPostprocessing = 0;
		};
		469D510828FFBF23001FCB7C /* Sources */ = {
			isa = PBXSourcesBuildPhase;
			buildActionMask = 2147483647;
			files = (
				469D510F28FFBF23001FCB7C /* DS14_ThreeTupleMatrix.c in Sources */,
			);
			runOnlyForDeploymentPostprocessing = 0;
		};
		469D511328FFEB58001FCB7C /* Sources */ = {
			isa = PBXSourcesBuildPhase;
			buildActionMask = 2147483647;
			files = (
				469D511A28FFEB58001FCB7C /* DS15_CrossListMatrix.c in Sources */,
			);
			runOnlyForDeploymentPostprocessing = 0;
		};
		469D511E29022D31001FCB7C /* Sources */ = {
			isa = PBXSourcesBuildPhase;
			buildActionMask = 2147483647;
			files = (
				469D512529022D31001FCB7C /* SortingAlgorithm.c in Sources */,
			);
			runOnlyForDeploymentPostprocessing = 0;
		};
		469D512A2903CE8A001FCB7C /* Sources */ = {
			isa = PBXSourcesBuildPhase;
			buildActionMask = 2147483647;
			files = (
				469D51312903CE8A001FCB7C /* DS16_seqBinaryTree.c in Sources */,
			);
			runOnlyForDeploymentPostprocessing = 0;
		};
		46A2C6D028F04B2A009E8E59 /* Sources */ = {
			isa = PBXSourcesBuildPhase;
			buildActionMask = 2147483647;
			files = (
				46A2C6D728F04B2A009E8E59 /* DS09_circleQueue.c in Sources */,
			);
			runOnlyForDeploymentPostprocessing = 0;
		};
		46D337FD2914B10000CD417E /* Sources */ = {
			isa = PBXSourcesBuildPhase;
			buildActionMask = 2147483647;
			files = (
				46D338042914B10000CD417E /* DS19_BinarySearchTree.c in Sources */,
			);
			runOnlyForDeploymentPostprocessing = 0;
		};
		46F2A44028E41DB900763803 /* Sources */ = {
			isa = PBXSourcesBuildPhase;
			buildActionMask = 2147483647;
			files = (
				46F2A44728E41DB900763803 /* DS06_staticList.c in Sources */,
			);
			runOnlyForDeploymentPostprocessing = 0;
		};
		46F2A44B28E42B2600763803 /* Sources */ = {
			isa = PBXSourcesBuildPhase;
			buildActionMask = 2147483647;
			files = (
				46F2A45228E42B2700763803 /* DS07_seqStack.c in Sources */,
			);
			runOnlyForDeploymentPostprocessing = 0;
		};
		46F8D53728F6A04800ACC81E /* Sources */ = {
			isa = PBXSourcesBuildPhase;
			buildActionMask = 2147483647;
			files = (
				46F8D53E28F6A04800ACC81E /* DS11_seqString.c in Sources */,
			);
			runOnlyForDeploymentPostprocessing = 0;
		};
		46F8D54228F9802E00ACC81E /* Sources */ = {
			isa = PBXSourcesBuildPhase;
			buildActionMask = 2147483647;
			files = (
				46F8D54928F9802F00ACC81E /* DS12_linkString.c in Sources */,
			);
			runOnlyForDeploymentPostprocessing = 0;
		};
		46FD4F0B28F1867A00AEE665 /* Sources */ = {
			isa = PBXSourcesBuildPhase;
			buildActionMask = 2147483647;
			files = (
				46FD4F1228F1867A00AEE665 /* DS10_LinkQueue.c in Sources */,
			);
			runOnlyForDeploymentPostprocessing = 0;
		};
/* End PBXSourcesBuildPhase section */

/* Begin XCBuildConfiguration section */
		464F855328E6ED9600A091AC /* Debug */ = {
			isa = XCBuildConfiguration;
			buildSettings = {
				CODE_SIGN_IDENTITY = "-";
				CODE_SIGN_STYLE = Automatic;
				DEAD_CODE_STRIPPING = YES;
				PRODUCT_NAME = "$(TARGET_NAME)";
			};
			name = Debug;
		};
		464F855428E6ED9600A091AC /* Release */ = {
			isa = XCBuildConfiguration;
			buildSettings = {
				CODE_SIGN_IDENTITY = "-";
				CODE_SIGN_STYLE = Automatic;
				DEAD_CODE_STRIPPING = YES;
				PRODUCT_NAME = "$(TARGET_NAME)";
			};
			name = Release;
		};
		4664D344290D30E5001F416E /* Debug */ = {
			isa = XCBuildConfiguration;
			buildSettings = {
				CODE_SIGN_IDENTITY = "-";
				CODE_SIGN_STYLE = Automatic;
				DEAD_CODE_STRIPPING = YES;
				PRODUCT_NAME = "$(TARGET_NAME)";
			};
			name = Debug;
		};
		4664D345290D30E5001F416E /* Release */ = {
			isa = XCBuildConfiguration;
			buildSettings = {
				CODE_SIGN_IDENTITY = "-";
				CODE_SIGN_STYLE = Automatic;
				DEAD_CODE_STRIPPING = YES;
				PRODUCT_NAME = "$(TARGET_NAME)";
			};
			name = Release;
		};
		466533C4291415900008D0EF /* Debug */ = {
			isa = XCBuildConfiguration;
			buildSettings = {
				CLANG_CXX_LANGUAGE_STANDARD = "gnu++20";
				CODE_SIGN_IDENTITY = "-";
				CODE_SIGN_STYLE = Automatic;
				DEAD_CODE_STRIPPING = YES;
				MACOSX_DEPLOYMENT_TARGET = 13.0;
				PRODUCT_NAME = "$(TARGET_NAME)";
			};
			name = Debug;
		};
		466533C5291415900008D0EF /* Release */ = {
			isa = XCBuildConfiguration;
			buildSettings = {
				CLANG_CXX_LANGUAGE_STANDARD = "gnu++20";
				CODE_SIGN_IDENTITY = "-";
				CODE_SIGN_STYLE = Automatic;
				DEAD_CODE_STRIPPING = YES;
				MACOSX_DEPLOYMENT_TARGET = 13.0;
				PRODUCT_NAME = "$(TARGET_NAME)";
			};
			name = Release;
		};
		46787B20291A3E5800091DE8 /* Debug */ = {
			isa = XCBuildConfiguration;
			buildSettings = {
				CLANG_CXX_LANGUAGE_STANDARD = "gnu++20";
				CODE_SIGN_STYLE = Automatic;
				MACOSX_DEPLOYMENT_TARGET = 13.0;
				PRODUCT_NAME = "$(TARGET_NAME)";
			};
			name = Debug;
		};
		46787B21291A3E5800091DE8 /* Release */ = {
			isa = XCBuildConfiguration;
			buildSettings = {
				CLANG_CXX_LANGUAGE_STANDARD = "gnu++20";
				CODE_SIGN_STYLE = Automatic;
				MACOSX_DEPLOYMENT_TARGET = 13.0;
				PRODUCT_NAME = "$(TARGET_NAME)";
			};
			name = Release;
		};
		46787B2D291CD89000091DE8 /* Debug */ = {
			isa = XCBuildConfiguration;
			buildSettings = {
				CLANG_CXX_LANGUAGE_STANDARD = "gnu++20";
				CODE_SIGN_STYLE = Automatic;
				MACOSX_DEPLOYMENT_TARGET = 13.0;
				PRODUCT_NAME = "$(TARGET_NAME)";
			};
			name = Debug;
		};
		46787B2E291CD89000091DE8 /* Release */ = {
			isa = XCBuildConfiguration;
			buildSettings = {
				CLANG_CXX_LANGUAGE_STANDARD = "gnu++20";
				CODE_SIGN_STYLE = Automatic;
				MACOSX_DEPLOYMENT_TARGET = 13.0;
				PRODUCT_NAME = "$(TARGET_NAME)";
			};
			name = Release;
		};
		4688AF48290FBF9700F68F9C /* Debug */ = {
			isa = XCBuildConfiguration;
			buildSettings = {
				CODE_SIGN_IDENTITY = "-";
				CODE_SIGN_STYLE = Automatic;
				DEAD_CODE_STRIPPING = YES;
				PRODUCT_NAME = "$(TARGET_NAME)";
			};
			name = Debug;
		};
		4688AF49290FBF9700F68F9C /* Release */ = {
			isa = XCBuildConfiguration;
			buildSettings = {
				CODE_SIGN_IDENTITY = "-";
				CODE_SIGN_STYLE = Automatic;
				DEAD_CODE_STRIPPING = YES;
				PRODUCT_NAME = "$(TARGET_NAME)";
			};
			name = Release;
		};
		46946D8C28CF7F0A001B2B56 /* Debug */ = {
			isa = XCBuildConfiguration;
			buildSettings = {
				ALWAYS_SEARCH_USER_PATHS = NO;
				CLANG_ANALYZER_NONNULL = YES;
				CLANG_ANALYZER_NUMBER_OBJECT_CONVERSION = YES_AGGRESSIVE;
				CLANG_CXX_LANGUAGE_STANDARD = "gnu++17";
				CLANG_ENABLE_MODULES = YES;
				CLANG_ENABLE_OBJC_ARC = YES;
				CLANG_ENABLE_OBJC_WEAK = YES;
				CLANG_WARN_BLOCK_CAPTURE_AUTORELEASING = YES;
				CLANG_WARN_BOOL_CONVERSION = YES;
				CLANG_WARN_COMMA = YES;
				CLANG_WARN_CONSTANT_CONVERSION = YES;
				CLANG_WARN_DEPRECATED_OBJC_IMPLEMENTATIONS = YES;
				CLANG_WARN_DIRECT_OBJC_ISA_USAGE = YES_ERROR;
				CLANG_WARN_DOCUMENTATION_COMMENTS = YES;
				CLANG_WARN_EMPTY_BODY = YES;
				CLANG_WARN_ENUM_CONVERSION = YES;
				CLANG_WARN_INFINITE_RECURSION = YES;
				CLANG_WARN_INT_CONVERSION = YES;
				CLANG_WARN_NON_LITERAL_NULL_CONVERSION = YES;
				CLANG_WARN_OBJC_IMPLICIT_RETAIN_SELF = YES;
				CLANG_WARN_OBJC_LITERAL_CONVERSION = YES;
				CLANG_WARN_OBJC_ROOT_CLASS = YES_ERROR;
				CLANG_WARN_QUOTED_INCLUDE_IN_FRAMEWORK_HEADER = YES;
				CLANG_WARN_RANGE_LOOP_ANALYSIS = YES;
				CLANG_WARN_STRICT_PROTOTYPES = YES;
				CLANG_WARN_SUSPICIOUS_MOVE = YES;
				CLANG_WARN_UNGUARDED_AVAILABILITY = YES_AGGRESSIVE;
				CLANG_WARN_UNREACHABLE_CODE = YES;
				CLANG_WARN__DUPLICATE_METHOD_MATCH = YES;
				COPY_PHASE_STRIP = NO;
				DEAD_CODE_STRIPPING = YES;
				DEBUG_INFORMATION_FORMAT = dwarf;
				ENABLE_STRICT_OBJC_MSGSEND = YES;
				ENABLE_TESTABILITY = YES;
				GCC_C_LANGUAGE_STANDARD = gnu11;
				GCC_DYNAMIC_NO_PIC = NO;
				GCC_NO_COMMON_BLOCKS = YES;
				GCC_OPTIMIZATION_LEVEL = 0;
				GCC_PREPROCESSOR_DEFINITIONS = (
					"DEBUG=1",
					"$(inherited)",
				);
				GCC_WARN_64_TO_32_BIT_CONVERSION = YES;
				GCC_WARN_ABOUT_RETURN_TYPE = YES_ERROR;
				GCC_WARN_UNDECLARED_SELECTOR = YES;
				GCC_WARN_UNINITIALIZED_AUTOS = YES_AGGRESSIVE;
				GCC_WARN_UNUSED_FUNCTION = YES;
				GCC_WARN_UNUSED_VARIABLE = YES;
				MACOSX_DEPLOYMENT_TARGET = 12.3;
				MTL_ENABLE_DEBUG_INFO = INCLUDE_SOURCE;
				MTL_FAST_MATH = YES;
				ONLY_ACTIVE_ARCH = YES;
				SDKROOT = macosx;
			};
			name = Debug;
		};
		46946D8D28CF7F0A001B2B56 /* Release */ = {
			isa = XCBuildConfiguration;
			buildSettings = {
				ALWAYS_SEARCH_USER_PATHS = NO;
				CLANG_ANALYZER_NONNULL = YES;
				CLANG_ANALYZER_NUMBER_OBJECT_CONVERSION = YES_AGGRESSIVE;
				CLANG_CXX_LANGUAGE_STANDARD = "gnu++17";
				CLANG_ENABLE_MODULES = YES;
				CLANG_ENABLE_OBJC_ARC = YES;
				CLANG_ENABLE_OBJC_WEAK = YES;
				CLANG_WARN_BLOCK_CAPTURE_AUTORELEASING = YES;
				CLANG_WARN_BOOL_CONVERSION = YES;
				CLANG_WARN_COMMA = YES;
				CLANG_WARN_CONSTANT_CONVERSION = YES;
				CLANG_WARN_DEPRECATED_OBJC_IMPLEMENTATIONS = YES;
				CLANG_WARN_DIRECT_OBJC_ISA_USAGE = YES_ERROR;
				CLANG_WARN_DOCUMENTATION_COMMENTS = YES;
				CLANG_WARN_EMPTY_BODY = YES;
				CLANG_WARN_ENUM_CONVERSION = YES;
				CLANG_WARN_INFINITE_RECURSION = YES;
				CLANG_WARN_INT_CONVERSION = YES;
				CLANG_WARN_NON_LITERAL_NULL_CONVERSION = YES;
				CLANG_WARN_OBJC_IMPLICIT_RETAIN_SELF = YES;
				CLANG_WARN_OBJC_LITERAL_CONVERSION = YES;
				CLANG_WARN_OBJC_ROOT_CLASS = YES_ERROR;
				CLANG_WARN_QUOTED_INCLUDE_IN_FRAMEWORK_HEADER = YES;
				CLANG_WARN_RANGE_LOOP_ANALYSIS = YES;
				CLANG_WARN_STRICT_PROTOTYPES = YES;
				CLANG_WARN_SUSPICIOUS_MOVE = YES;
				CLANG_WARN_UNGUARDED_AVAILABILITY = YES_AGGRESSIVE;
				CLANG_WARN_UNREACHABLE_CODE = YES;
				CLANG_WARN__DUPLICATE_METHOD_MATCH = YES;
				COPY_PHASE_STRIP = NO;
				DEAD_CODE_STRIPPING = YES;
				DEBUG_INFORMATION_FORMAT = "dwarf-with-dsym";
				ENABLE_NS_ASSERTIONS = NO;
				ENABLE_STRICT_OBJC_MSGSEND = YES;
				GCC_C_LANGUAGE_STANDARD = gnu11;
				GCC_NO_COMMON_BLOCKS = YES;
				GCC_WARN_64_TO_32_BIT_CONVERSION = YES;
				GCC_WARN_ABOUT_RETURN_TYPE = YES_ERROR;
				GCC_WARN_UNDECLARED_SELECTOR = YES;
				GCC_WARN_UNINITIALIZED_AUTOS = YES_AGGRESSIVE;
				GCC_WARN_UNUSED_FUNCTION = YES;
				GCC_WARN_UNUSED_VARIABLE = YES;
				MACOSX_DEPLOYMENT_TARGET = 12.3;
				MTL_ENABLE_DEBUG_INFO = NO;
				MTL_FAST_MATH = YES;
				SDKROOT = macosx;
			};
			name = Release;
		};
		46946D8F28CF7F0A001B2B56 /* Debug */ = {
			isa = XCBuildConfiguration;
			buildSettings = {
				CODE_SIGN_IDENTITY = "-";
				CODE_SIGN_STYLE = Automatic;
				DEAD_CODE_STRIPPING = YES;
				PRODUCT_NAME = "$(TARGET_NAME)";
			};
			name = Debug;
		};
		46946D9028CF7F0A001B2B56 /* Release */ = {
			isa = XCBuildConfiguration;
			buildSettings = {
				CODE_SIGN_IDENTITY = "-";
				CODE_SIGN_STYLE = Automatic;
				DEAD_CODE_STRIPPING = YES;
				PRODUCT_NAME = "$(TARGET_NAME)";
			};
			name = Release;
		};
		4695280028D99AA8003B885C /* Debug */ = {
			isa = XCBuildConfiguration;
			buildSettings = {
				CODE_SIGN_IDENTITY = "-";
				CODE_SIGN_STYLE = Automatic;
				DEAD_CODE_STRIPPING = YES;
				PRODUCT_NAME = "$(TARGET_NAME)";
			};
			name = Debug;
		};
		4695280128D99AA8003B885C /* Release */ = {
			isa = XCBuildConfiguration;
			buildSettings = {
				CODE_SIGN_IDENTITY = "-";
				CODE_SIGN_STYLE = Automatic;
				DEAD_CODE_STRIPPING = YES;
				PRODUCT_NAME = "$(TARGET_NAME)";
			};
			name = Release;
		};
		4695280C28E1B0DC003B885C /* Debug */ = {
			isa = XCBuildConfiguration;
			buildSettings = {
				CODE_SIGN_IDENTITY = "-";
				CODE_SIGN_STYLE = Automatic;
				DEAD_CODE_STRIPPING = YES;
				PRODUCT_NAME = "$(TARGET_NAME)";
			};
			name = Debug;
		};
		4695280D28E1B0DC003B885C /* Release */ = {
			isa = XCBuildConfiguration;
			buildSettings = {
				CODE_SIGN_IDENTITY = "-";
				CODE_SIGN_STYLE = Automatic;
				DEAD_CODE_STRIPPING = YES;
				PRODUCT_NAME = "$(TARGET_NAME)";
			};
			name = Release;
		};
		4695281728E2D619003B885C /* Debug */ = {
			isa = XCBuildConfiguration;
			buildSettings = {
				CODE_SIGN_IDENTITY = "-";
				CODE_SIGN_STYLE = Automatic;
				DEAD_CODE_STRIPPING = YES;
				PRODUCT_NAME = "$(TARGET_NAME)";
			};
			name = Debug;
		};
		4695281828E2D619003B885C /* Release */ = {
			isa = XCBuildConfiguration;
			buildSettings = {
				CODE_SIGN_IDENTITY = "-";
				CODE_SIGN_STYLE = Automatic;
				DEAD_CODE_STRIPPING = YES;
				PRODUCT_NAME = "$(TARGET_NAME)";
			};
			name = Release;
		};
		4695282328E31699003B885C /* Debug */ = {
			isa = XCBuildConfiguration;
			buildSettings = {
				CODE_SIGN_IDENTITY = "-";
				CODE_SIGN_STYLE = Automatic;
				DEAD_CODE_STRIPPING = YES;
				PRODUCT_NAME = "$(TARGET_NAME)";
			};
			name = Debug;
		};
		4695282428E31699003B885C /* Release */ = {
			isa = XCBuildConfiguration;
			buildSettings = {
				CODE_SIGN_IDENTITY = "-";
				CODE_SIGN_STYLE = Automatic;
				DEAD_CODE_STRIPPING = YES;
				PRODUCT_NAME = "$(TARGET_NAME)";
			};
			name = Release;
		};
		469D510528FE834F001FCB7C /* Debug */ = {
			isa = XCBuildConfiguration;
			buildSettings = {
				CODE_SIGN_IDENTITY = "-";
				CODE_SIGN_STYLE = Automatic;
				DEAD_CODE_STRIPPING = YES;
				PRODUCT_NAME = "$(TARGET_NAME)";
			};
			name = Debug;
		};
		469D510628FE834F001FCB7C /* Release */ = {
			isa = XCBuildConfiguration;
			buildSettings = {
				CODE_SIGN_IDENTITY = "-";
				CODE_SIGN_STYLE = Automatic;
				DEAD_CODE_STRIPPING = YES;
				PRODUCT_NAME = "$(TARGET_NAME)";
			};
			name = Release;
		};
		469D511128FFBF23001FCB7C /* Debug */ = {
			isa = XCBuildConfiguration;
			buildSettings = {
				CODE_SIGN_IDENTITY = "-";
				CODE_SIGN_STYLE = Automatic;
				DEAD_CODE_STRIPPING = YES;
				PRODUCT_NAME = "$(TARGET_NAME)";
			};
			name = Debug;
		};
		469D511228FFBF23001FCB7C /* Release */ = {
			isa = XCBuildConfiguration;
			buildSettings = {
				CODE_SIGN_IDENTITY = "-";
				CODE_SIGN_STYLE = Automatic;
				DEAD_CODE_STRIPPING = YES;
				PRODUCT_NAME = "$(TARGET_NAME)";
			};
			name = Release;
		};
		469D511C28FFEB58001FCB7C /* Debug */ = {
			isa = XCBuildConfiguration;
			buildSettings = {
				CODE_SIGN_IDENTITY = "-";
				CODE_SIGN_STYLE = Automatic;
				DEAD_CODE_STRIPPING = YES;
				PRODUCT_NAME = "$(TARGET_NAME)";
			};
			name = Debug;
		};
		469D511D28FFEB58001FCB7C /* Release */ = {
			isa = XCBuildConfiguration;
			buildSettings = {
				CODE_SIGN_IDENTITY = "-";
				CODE_SIGN_STYLE = Automatic;
				DEAD_CODE_STRIPPING = YES;
				PRODUCT_NAME = "$(TARGET_NAME)";
			};
			name = Release;
		};
		469D512729022D31001FCB7C /* Debug */ = {
			isa = XCBuildConfiguration;
			buildSettings = {
				CODE_SIGN_IDENTITY = "-";
				CODE_SIGN_STYLE = Automatic;
				DEAD_CODE_STRIPPING = YES;
				PRODUCT_NAME = "$(TARGET_NAME)";
			};
			name = Debug;
		};
		469D512829022D31001FCB7C /* Release */ = {
			isa = XCBuildConfiguration;
			buildSettings = {
				CODE_SIGN_IDENTITY = "-";
				CODE_SIGN_STYLE = Automatic;
				DEAD_CODE_STRIPPING = YES;
				PRODUCT_NAME = "$(TARGET_NAME)";
			};
			name = Release;
		};
		469D51322903CE8A001FCB7C /* Debug */ = {
			isa = XCBuildConfiguration;
			buildSettings = {
				CODE_SIGN_IDENTITY = "-";
				CODE_SIGN_STYLE = Automatic;
				DEAD_CODE_STRIPPING = YES;
				PRODUCT_NAME = "$(TARGET_NAME)";
			};
			name = Debug;
		};
		469D51332903CE8A001FCB7C /* Release */ = {
			isa = XCBuildConfiguration;
			buildSettings = {
				CODE_SIGN_IDENTITY = "-";
				CODE_SIGN_STYLE = Automatic;
				DEAD_CODE_STRIPPING = YES;
				PRODUCT_NAME = "$(TARGET_NAME)";
			};
			name = Release;
		};
		46A2C6D928F04B2A009E8E59 /* Debug */ = {
			isa = XCBuildConfiguration;
			buildSettings = {
				CODE_SIGN_IDENTITY = "-";
				CODE_SIGN_STYLE = Automatic;
				DEAD_CODE_STRIPPING = YES;
				PRODUCT_NAME = "$(TARGET_NAME)";
			};
			name = Debug;
		};
		46A2C6DA28F04B2A009E8E59 /* Release */ = {
			isa = XCBuildConfiguration;
			buildSettings = {
				CODE_SIGN_IDENTITY = "-";
				CODE_SIGN_STYLE = Automatic;
				DEAD_CODE_STRIPPING = YES;
				PRODUCT_NAME = "$(TARGET_NAME)";
			};
			name = Release;
		};
		46D338062914B10000CD417E /* Debug */ = {
			isa = XCBuildConfiguration;
			buildSettings = {
				CLANG_CXX_LANGUAGE_STANDARD = "gnu++20";
				CODE_SIGN_STYLE = Automatic;
				MACOSX_DEPLOYMENT_TARGET = 13.0;
				PRODUCT_NAME = "$(TARGET_NAME)";
			};
			name = Debug;
		};
		46D338072914B10000CD417E /* Release */ = {
			isa = XCBuildConfiguration;
			buildSettings = {
				CLANG_CXX_LANGUAGE_STANDARD = "gnu++20";
				CODE_SIGN_STYLE = Automatic;
				MACOSX_DEPLOYMENT_TARGET = 13.0;
				PRODUCT_NAME = "$(TARGET_NAME)";
			};
			name = Release;
		};
		46F2A44928E41DB900763803 /* Debug */ = {
			isa = XCBuildConfiguration;
			buildSettings = {
				CODE_SIGN_IDENTITY = "-";
				CODE_SIGN_STYLE = Automatic;
				DEAD_CODE_STRIPPING = YES;
				PRODUCT_NAME = "$(TARGET_NAME)";
			};
			name = Debug;
		};
		46F2A44A28E41DB900763803 /* Release */ = {
			isa = XCBuildConfiguration;
			buildSettings = {
				CODE_SIGN_IDENTITY = "-";
				CODE_SIGN_STYLE = Automatic;
				DEAD_CODE_STRIPPING = YES;
				PRODUCT_NAME = "$(TARGET_NAME)";
			};
			name = Release;
		};
		46F2A45428E42B2700763803 /* Debug */ = {
			isa = XCBuildConfiguration;
			buildSettings = {
				CODE_SIGN_IDENTITY = "-";
				CODE_SIGN_STYLE = Automatic;
				DEAD_CODE_STRIPPING = YES;
				PRODUCT_NAME = "$(TARGET_NAME)";
			};
			name = Debug;
		};
		46F2A45528E42B2700763803 /* Release */ = {
			isa = XCBuildConfiguration;
			buildSettings = {
				CODE_SIGN_IDENTITY = "-";
				CODE_SIGN_STYLE = Automatic;
				DEAD_CODE_STRIPPING = YES;
				PRODUCT_NAME = "$(TARGET_NAME)";
			};
			name = Release;
		};
		46F8D54028F6A04800ACC81E /* Debug */ = {
			isa = XCBuildConfiguration;
			buildSettings = {
				CODE_SIGN_IDENTITY = "-";
				CODE_SIGN_STYLE = Automatic;
				DEAD_CODE_STRIPPING = YES;
				PRODUCT_NAME = "$(TARGET_NAME)";
			};
			name = Debug;
		};
		46F8D54128F6A04800ACC81E /* Release */ = {
			isa = XCBuildConfiguration;
			buildSettings = {
				CODE_SIGN_IDENTITY = "-";
				CODE_SIGN_STYLE = Automatic;
				DEAD_CODE_STRIPPING = YES;
				PRODUCT_NAME = "$(TARGET_NAME)";
			};
			name = Release;
		};
		46F8D54B28F9802F00ACC81E /* Debug */ = {
			isa = XCBuildConfiguration;
			buildSettings = {
				CODE_SIGN_IDENTITY = "-";
				CODE_SIGN_STYLE = Automatic;
				DEAD_CODE_STRIPPING = YES;
				PRODUCT_NAME = "$(TARGET_NAME)";
			};
			name = Debug;
		};
		46F8D54C28F9802F00ACC81E /* Release */ = {
			isa = XCBuildConfiguration;
			buildSettings = {
				CODE_SIGN_IDENTITY = "-";
				CODE_SIGN_STYLE = Automatic;
				DEAD_CODE_STRIPPING = YES;
				PRODUCT_NAME = "$(TARGET_NAME)";
			};
			name = Release;
		};
		46FD4F1428F1867A00AEE665 /* Debug */ = {
			isa = XCBuildConfiguration;
			buildSettings = {
				CODE_SIGN_IDENTITY = "-";
				CODE_SIGN_STYLE = Automatic;
				DEAD_CODE_STRIPPING = YES;
				PRODUCT_NAME = "$(TARGET_NAME)";
			};
			name = Debug;
		};
		46FD4F1528F1867A00AEE665 /* Release */ = {
			isa = XCBuildConfiguration;
			buildSettings = {
				CODE_SIGN_IDENTITY = "-";
				CODE_SIGN_STYLE = Automatic;
				DEAD_CODE_STRIPPING = YES;
				PRODUCT_NAME = "$(TARGET_NAME)";
			};
			name = Release;
		};
/* End XCBuildConfiguration section */

/* Begin XCConfigurationList section */
		464F855228E6ED9600A091AC /* Build configuration list for PBXNativeTarget "DS08_linkStack" */ = {
			isa = XCConfigurationList;
			buildConfigurations = (
				464F855328E6ED9600A091AC /* Debug */,
				464F855428E6ED9600A091AC /* Release */,
			);
			defaultConfigurationIsVisible = 0;
			defaultConfigurationName = Debug;
		};
		4664D346290D30E5001F416E /* Build configuration list for PBXNativeTarget "DS17_linkBinaryTree" */ = {
			isa = XCConfigurationList;
			buildConfigurations = (
				4664D344290D30E5001F416E /* Debug */,
				4664D345290D30E5001F416E /* Release */,
			);
			defaultConfigurationIsVisible = 0;
			defaultConfigurationName = Debug;
		};
		466533C6291415900008D0EF /* Build configuration list for PBXNativeTarget "DS20_BalancedBinaryTree" */ = {
			isa = XCConfigurationList;
			buildConfigurations = (
				466533C4291415900008D0EF /* Debug */,
				466533C5291415900008D0EF /* Release */,
			);
			defaultConfigurationIsVisible = 0;
			defaultConfigurationName = Debug;
		};
		46787B22291A3E5800091DE8 /* Build configuration list for PBXNativeTarget "DS21_HuffmanTree" */ = {
			isa = XCConfigurationList;
			buildConfigurations = (
				46787B20291A3E5800091DE8 /* Debug */,
				46787B21291A3E5800091DE8 /* Release */,
			);
			defaultConfigurationIsVisible = 0;
			defaultConfigurationName = Debug;
		};
		46787B2C291CD89000091DE8 /* Build configuration list for PBXNativeTarget "DS21_graph" */ = {
			isa = XCConfigurationList;
			buildConfigurations = (
				46787B2D291CD89000091DE8 /* Debug */,
				46787B2E291CD89000091DE8 /* Release */,
			);
			defaultConfigurationIsVisible = 0;
			defaultConfigurationName = Debug;
		};
		4688AF4A290FBF9700F68F9C /* Build configuration list for PBXNativeTarget "DS18_threadLinkBinaryTree" */ = {
			isa = XCConfigurationList;
			buildConfigurations = (
				4688AF48290FBF9700F68F9C /* Debug */,
				4688AF49290FBF9700F68F9C /* Release */,
			);
			defaultConfigurationIsVisible = 0;
			defaultConfigurationName = Debug;
		};
		46946D8228CF7F0A001B2B56 /* Build configuration list for PBXProject "DataStructure" */ = {
			isa = XCConfigurationList;
			buildConfigurations = (
				46946D8C28CF7F0A001B2B56 /* Debug */,
				46946D8D28CF7F0A001B2B56 /* Release */,
			);
			defaultConfigurationIsVisible = 0;
			defaultConfigurationName = Debug;
		};
		46946D8E28CF7F0A001B2B56 /* Build configuration list for PBXNativeTarget "DS01_sqlist" */ = {
			isa = XCConfigurationList;
			buildConfigurations = (
				46946D8F28CF7F0A001B2B56 /* Debug */,
				46946D9028CF7F0A001B2B56 /* Release */,
			);
			defaultConfigurationIsVisible = 0;
			defaultConfigurationName = Debug;
		};
		4695280228D99AA8003B885C /* Build configuration list for PBXNativeTarget "DS02_linkList" */ = {
			isa = XCConfigurationList;
			buildConfigurations = (
				4695280028D99AA8003B885C /* Debug */,
				4695280128D99AA8003B885C /* Release */,
			);
			defaultConfigurationIsVisible = 0;
			defaultConfigurationName = Debug;
		};
		4695280E28E1B0DC003B885C /* Build configuration list for PBXNativeTarget "DS03_doubleLinkList" */ = {
			isa = XCConfigurationList;
			buildConfigurations = (
				4695280C28E1B0DC003B885C /* Debug */,
				4695280D28E1B0DC003B885C /* Release */,
			);
			defaultConfigurationIsVisible = 0;
			defaultConfigurationName = Debug;
		};
		4695281928E2D619003B885C /* Build configuration list for PBXNativeTarget "DS04_circleList" */ = {
			isa = XCConfigurationList;
			buildConfigurations = (
				4695281728E2D619003B885C /* Debug */,
				4695281828E2D619003B885C /* Release */,
			);
			defaultConfigurationIsVisible = 0;
			defaultConfigurationName = Debug;
		};
		4695282228E31699003B885C /* Build configuration list for PBXNativeTarget "DS05_cycleDoubleList" */ = {
			isa = XCConfigurationList;
			buildConfigurations = (
				4695282328E31699003B885C /* Debug */,
				4695282428E31699003B885C /* Release */,
			);
			defaultConfigurationIsVisible = 0;
			defaultConfigurationName = Debug;
		};
		469D510728FE834F001FCB7C /* Build configuration list for PBXNativeTarget "DS13_StringsPatternMatching" */ = {
			isa = XCConfigurationList;
			buildConfigurations = (
				469D510528FE834F001FCB7C /* Debug */,
				469D510628FE834F001FCB7C /* Release */,
			);
			defaultConfigurationIsVisible = 0;
			defaultConfigurationName = Debug;
		};
		469D511028FFBF23001FCB7C /* Build configuration list for PBXNativeTarget "DS14_ThreeTupleMatrix" */ = {
			isa = XCConfigurationList;
			buildConfigurations = (
				469D511128FFBF23001FCB7C /* Debug */,
				469D511228FFBF23001FCB7C /* Release */,
			);
			defaultConfigurationIsVisible = 0;
			defaultConfigurationName = Debug;
		};
		469D511B28FFEB58001FCB7C /* Build configuration list for PBXNativeTarget "DS15_CrossListMatrix" */ = {
			isa = XCConfigurationList;
			buildConfigurations = (
				469D511C28FFEB58001FCB7C /* Debug */,
				469D511D28FFEB58001FCB7C /* Release */,
			);
			defaultConfigurationIsVisible = 0;
			defaultConfigurationName = Debug;
		};
		469D512629022D31001FCB7C /* Build configuration list for PBXNativeTarget "SortingAlgorithm" */ = {
			isa = XCConfigurationList;
			buildConfigurations = (
				469D512729022D31001FCB7C /* Debug */,
				469D512829022D31001FCB7C /* Release */,
			);
			defaultConfigurationIsVisible = 0;
			defaultConfigurationName = Debug;
		};
		469D51342903CE8A001FCB7C /* Build configuration list for PBXNativeTarget "DS16_seqBinaryTree" */ = {
			isa = XCConfigurationList;
			buildConfigurations = (
				469D51322903CE8A001FCB7C /* Debug */,
				469D51332903CE8A001FCB7C /* Release */,
			);
			defaultConfigurationIsVisible = 0;
			defaultConfigurationName = Debug;
		};
		46A2C6D828F04B2A009E8E59 /* Build configuration list for PBXNativeTarget "DS09_circleQueue" */ = {
			isa = XCConfigurationList;
			buildConfigurations = (
				46A2C6D928F04B2A009E8E59 /* Debug */,
				46A2C6DA28F04B2A009E8E59 /* Release */,
			);
			defaultConfigurationIsVisible = 0;
			defaultConfigurationName = Debug;
		};
		46D338052914B10000CD417E /* Build configuration list for PBXNativeTarget "DS19_BinarySearchTree" */ = {
			isa = XCConfigurationList;
			buildConfigurations = (
				46D338062914B10000CD417E /* Debug */,
				46D338072914B10000CD417E /* Release */,
			);
			defaultConfigurationIsVisible = 0;
			defaultConfigurationName = Debug;
		};
		46F2A44828E41DB900763803 /* Build configuration list for PBXNativeTarget "DS06_staticList" */ = {
			isa = XCConfigurationList;
			buildConfigurations = (
				46F2A44928E41DB900763803 /* Debug */,
				46F2A44A28E41DB900763803 /* Release */,
			);
			defaultConfigurationIsVisible = 0;
			defaultConfigurationName = Debug;
		};
		46F2A45328E42B2700763803 /* Build configuration list for PBXNativeTarget "DS07_seqStack" */ = {
			isa = XCConfigurationList;
			buildConfigurations = (
				46F2A45428E42B2700763803 /* Debug */,
				46F2A45528E42B2700763803 /* Release */,
			);
			defaultConfigurationIsVisible = 0;
			defaultConfigurationName = Debug;
		};
		46F8D53F28F6A04800ACC81E /* Build configuration list for PBXNativeTarget "DS11_seqString" */ = {
			isa = XCConfigurationList;
			buildConfigurations = (
				46F8D54028F6A04800ACC81E /* Debug */,
				46F8D54128F6A04800ACC81E /* Release */,
			);
			defaultConfigurationIsVisible = 0;
			defaultConfigurationName = Debug;
		};
		46F8D54A28F9802F00ACC81E /* Build configuration list for PBXNativeTarget "DS12_linkString" */ = {
			isa = XCConfigurationList;
			buildConfigurations = (
				46F8D54B28F9802F00ACC81E /* Debug */,
				46F8D54C28F9802F00ACC81E /* Release */,
			);
			defaultConfigurationIsVisible = 0;
			defaultConfigurationName = Debug;
		};
		46FD4F1328F1867A00AEE665 /* Build configuration list for PBXNativeTarget "DS10_LinkQueue" */ = {
			isa = XCConfigurationList;
			buildConfigurations = (
				46FD4F1428F1867A00AEE665 /* Debug */,
				46FD4F1528F1867A00AEE665 /* Release */,
			);
			defaultConfigurationIsVisible = 0;
			defaultConfigurationName = Debug;
		};
/* End XCConfigurationList section */
	};
	rootObject = 46946D7F28CF7F0A001B2B56 /* Project object */;
}
